PODS:
  - AcknowList (3.0.1)
  - AFNetworking (4.0.1):
    - AFNetworking/NSURLSession (= 4.0.1)
    - AFNetworking/Reachability (= 4.0.1)
    - AFNetworking/Security (= 4.0.1)
    - AFNetworking/Serialization (= 4.0.1)
    - AFNetworking/UIKit (= 4.0.1)
  - AFNetworking/NSURLSession (4.0.1):
    - AFNetworking/Reachability
    - AFNetworking/Security
    - AFNetworking/Serialization
  - AFNetworking/Reachability (4.0.1)
  - AFNetworking/Security (4.0.1)
  - AFNetworking/Serialization (4.0.1)
  - AFNetworking/UIKit (4.0.1):
    - AFNetworking/NSURLSession
  - Alamofire (5.8.0)
  - BRPickerView (2.8.1):
    - BRPickerView/AddressPickerView (= 2.8.1)
    - BRPickerView/Base (= 2.8.1)
    - BRPickerView/DatePickerView (= 2.8.1)
    - BRPickerView/StringPickerView (= 2.8.1)
  - BRPickerView/AddressPickerView (2.8.1):
    - BRPickerView/Base
  - BRPickerView/Base (2.8.1)
  - BRPickerView/DatePickerView (2.8.1):
    - BRPickerView/Base
  - BRPickerView/StringPickerView (2.8.1):
    - BRPickerView/Base
  - CocoaDebug (1.7.7)
  - Disk (0.6.4)
  - DZNEmptyDataSet (1.8.1)
  - ExCodable (0.6.0)
  - FFPopup (1.1.5)
  - FLAnimatedImage (1.0.17)
  - FlexLib (3.1.6):
    - FlexLib/standard (= 3.1.6)
  - FlexLib/standard (3.1.6):
    - FlexLib/standard/no-arc (= 3.1.6)
    - Yoga (= 1.14.0)
  - FlexLib/standard/no-arc (3.1.6):
    - Yoga (= 1.14.0)
  - FMDB (2.7.5):
    - FMDB/standard (= 2.7.5)
  - FMDB/standard (2.7.5)
  - IQKeyboardManager (6.5.11)
  - IQKeyboardManagerSwift (6.5.11)
  - JCore (2.7.1)
  - JDStatusBarNotification (2.0.9)
  - JPush (3.7.4):
    - JCore (< 3.0.0, >= 2.0.0)
  - Kingfisher (7.10.1)
  - lottie-ios (2.5.3)
  - Masonry (1.1.0)
  - MBProgressHUD (1.2.0)
  - MJRefresh (3.7.5)
  - ReactiveObjC (3.1.1)
  - RxCocoa (6.6.0):
    - RxRelay (= 6.6.0)
    - RxSwift (= 6.6.0)
  - RxRelay (6.6.0):
    - RxSwift (= 6.6.0)
  - RxSwift (6.6.0)
  - SDWebImage (5.18.8):
    - SDWebImage/Core (= 5.18.8)
  - SDWebImage/Core (5.18.8)
  - SGPagingView (2.1.0)
  - SGQRCode (4.1.0)
  - SnapKit (5.6.0)
  - SVProgressHUD (2.2.5)
  - TangramKit (1.4.2)
  - UMAPM (1.8.4)
  - UMCCommon (7.3.7):
    - UMAPM
    - UMDevice
  - UMCCommonLog (2.0.2)
  - UMDevice (3.2.0)
  - WechatOpenSDK (2.0.2)
  - WMZBanner (1.2.0):
    - SDWebImage
  - WRNavigationBar (1.4.0)
  - XHLaunchAd (3.9.12):
    - FLAnimatedImage (~> 1.0.12)
  - Yoga (1.14.0)
  - YYKit (1.0.9):
    - YYKit/no-arc (= 1.0.9)
  - YYKit/no-arc (1.0.9)
  - YYModel (1.0.4)
  - ZCycleView (1.0.4)
  - ZLPhotoBrowser (4.4.0):
    - ZLPhotoBrowser/Core (= 4.4.0)
  - ZLPhotoBrowser-objc (1.0.4):
    - SDWebImage
  - ZLPhotoBrowser/Core (4.4.0)

DEPENDENCIES:
  - AcknowList (= 3.0.1)
  - AFNetworking (= 4.0.1)
  - Alamofire (= 5.8.0)
  - BRPickerView (= 2.8.1)
  - CocoaDebug
  - Disk (= 0.6.4)
  - DZNEmptyDataSet (= 1.8.1)
  - ExCodable
  - FFPopup (= 1.1.5)
  - FlexLib (= 3.1.6)
  - FMDB (= 2.7.5)
  - IQKeyboardManager (= 6.5.11)
  - IQKeyboardManagerSwift (= 6.5.11)
  - JDStatusBarNotification
  - JPush
  - Kingfisher (= 7.10.1)
  - lottie-ios (= 2.5.3)
  - Masonry (= 1.1.0)
  - MBProgressHUD (= 1.2.0)
  - MJRefresh (= 3.7.5)
  - ReactiveObjC (= 3.1.1)
  - RxCocoa (= 6.6.0)
  - RxSwift (= 6.6.0)
  - SGPagingView (= 2.1.0)
  - SGQRCode (= 4.1.0)
  - SnapKit (= 5.6.0)
  - SVProgressHUD (= 2.2.5)
  - TangramKit (= 1.4.2)
  - UMAPM
  - UMCCommon
  - UMCCommonLog (= 2.0.2)
  - UMDevice
  - WechatOpenSDK (= 2.0.2)
  - WMZBanner (= 1.2.0)
  - WRNavigationBar (= 1.4.0)
  - XHLaunchAd (= 3.9.12)
  - YYKit (= 1.0.9)
  - YYModel (= 1.0.4)
  - ZCycleView (= 1.0.4)
  - ZLPhotoBrowser (= 4.4.0)
  - ZLPhotoBrowser-objc (= 1.0.4)

SPEC REPOS:
  https://github.com/CocoaPods/Specs.git:
    - AcknowList
    - AFNetworking
    - Alamofire
    - BRPickerView
    - CocoaDebug
    - Disk
    - DZNEmptyDataSet
    - ExCodable
    - FFPopup
    - FLAnimatedImage
    - FlexLib
    - FMDB
    - IQKeyboardManager
    - IQKeyboardManagerSwift
    - JCore
    - JDStatusBarNotification
    - JPush
    - Kingfisher
    - lottie-ios
    - Masonry
    - MBProgressHUD
    - MJRefresh
    - ReactiveObjC
    - RxCocoa
    - RxRelay
    - RxSwift
    - SDWebImage
    - SGPagingView
    - SGQRCode
    - SnapKit
    - SVProgressHUD
    - TangramKit
    - UMAPM
    - UMCCommon
    - UMCCommonLog
    - UMDevice
    - WechatOpenSDK
    - WMZBanner
    - WRNavigationBar
    - XHLaunchAd
    - Yoga
    - YYKit
    - YYModel
    - ZCycleView
    - ZLPhotoBrowser
    - ZLPhotoBrowser-objc

SPEC CHECKSUMS:
  AcknowList: 1aca788e5f1fae79d671c9c48d83ef21027232c0
  AFNetworking: 3bd23d814e976cd148d7d44c3ab78017b744cd58
  Alamofire: 0e92e751b3e9e66d7982db43919d01f313b8eb91
  BRPickerView: 2531a2d4d0fea0b57a1c738de215af0f88863a2f
  CocoaDebug: b38d31464b91a9775928f8667d114db07b136565
  Disk: dcee5c2e98fb72f9a924cde8da8435b08244a80e
  DZNEmptyDataSet: 9525833b9e68ac21c30253e1d3d7076cc828eaa7
  ExCodable: bffaf3d9623fc0ee464a07441a1711ea9860c0f7
  FFPopup: a208dcee8db3e54ec4a88fcd6481f6f5d85b7a83
  FLAnimatedImage: bbf914596368867157cc71b38a8ec834b3eeb32b
  FlexLib: 11124863c7f197423b46d0593f2cd95c7ca0c0a5
  FMDB: 2ce00b547f966261cd18927a3ddb07cb6f3db82a
  IQKeyboardManager: ef43ce1ba1e5aaf4adf222c0a46f39761f246879
  IQKeyboardManagerSwift: c7955c0bdbf7b2eb29bb7daaa44e3d90f55a9a85
  JCore: 9d5bda3a172c65bbe14f2806ab0f6246f8a06065
  JDStatusBarNotification: c3565464c8f199d7afdb903ff28b118d47666c7d
  JPush: e455ad2a7b854bca8149df085772d6c4f79b2416
  Kingfisher: bc5abe80a8e0144537ef1dd5a0b2621b04f7f439
  lottie-ios: a50d5c0160425cd4b01b852bb9578963e6d92d31
  Masonry: 678fab65091a9290e40e2832a55e7ab731aad201
  MBProgressHUD: 3ee5efcc380f6a79a7cc9b363dd669c5e1ae7406
  MJRefresh: fdf5e979eb406a0341468932d1dfc8b7f9fce961
  ReactiveObjC: 011caa393aa0383245f2dcf9bf02e86b80b36040
  RxCocoa: 44a80de90e25b739b5aeaae3c8c371a32e3343cc
  RxRelay: 45eaa5db8ee4fb50e5ebd57deec0159e97fa51e6
  RxSwift: a4b44f7d24599f674deebd1818eab82e58410632
  SDWebImage: a81bbb3ba4ea5f810f4069c68727cb118467a04a
  SGPagingView: fb90c03c809363ea340189053c5635a128e1ef84
  SGQRCode: 6ad664d63f38f2842503bc5087812c5a3136d924
  SnapKit: e01d52ebb8ddbc333eefe2132acf85c8227d9c25
  SVProgressHUD: 1428aafac632c1f86f62aa4243ec12008d7a51d6
  TangramKit: aad3ab8f9617418c9da96d59cddd71134ae8af83
  UMAPM: f3d56b9a9c445af10a74f0cdbf5417045d2ab4f2
  UMCCommon: aac337052f23b0e08c0f3cf021d3bb209f2c49bd
  UMCCommonLog: bea707e50c85cef4b0eb47cc5c7226bb843245ca
  UMDevice: b08f6cc32f26798dbac58bd0e91fea1f008bd2b7
  WechatOpenSDK: e79349b37d44c015210f39fd6d2379f0ec60efe2
  WMZBanner: 42d02896dc7a67a4d7a2ebe1ef5b7a79f8d2c540
  WRNavigationBar: 10bfdf96addf14d640d07c2ef08a029c18d8af10
  XHLaunchAd: 6320f9c68732667323072fc3a5f104e40fbe9cfe
  Yoga: cff67a400f6b74dc38eb0bad4f156673d9aa980c
  YYKit: 7cda43304a8dc3696c449041e2cb3107b4e236e7
  YYModel: 2a7fdd96aaa4b86a824e26d0c517de8928c04b30
  ZCycleView: 7826fb8439486339ed099b0979d9b564a2937ab0
  ZLPhotoBrowser: fb978a8ea6ed228a146694cd475c9642f0cb7c91
  ZLPhotoBrowser-objc: c7657d3bc85ae231884e058d0e3638f619164736

PODFILE CHECKSUM: ae13ff9511ab3d3c5434cb4c22b5ce711d78ddd7

COCOAPODS: 1.12.0
