PODS:
  - AcknowList (3.0.1)
  - AFNetworking (4.0.1):
    - AFNetworking/NSURLSession (= 4.0.1)
    - AFNetworking/Reachability (= 4.0.1)
    - AFNetworking/Security (= 4.0.1)
    - AFNetworking/Serialization (= 4.0.1)
    - AFNetworking/UIKit (= 4.0.1)
  - AFNetworking/NSURLSession (4.0.1):
    - AFNetworking/Reachability
    - AFNetworking/Security
    - AFNetworking/Serialization
  - AFNetworking/Reachability (4.0.1)
  - AFNetworking/Security (4.0.1)
  - AFNetworking/Serialization (4.0.1)
  - AFNetworking/UIKit (4.0.1):
    - AFNetworking/NSURLSession
  - AMapFoundation (1.8.2)
  - AMapLocation (2.10.0):
    - AMapFoundation (>= 1.8.0)
  - AMapTrack (1.4.2):
    - AMapFoundation (>= 1.6.4)
    - AMapLocation (>= 2.6.7)
  - BetterCodable (0.4.0)
  - BRPickerView (2.8.1):
    - BRPickerView/AddressPickerView (= 2.8.1)
    - BRPickerView/Base (= 2.8.1)
    - BRPickerView/DatePickerView (= 2.8.1)
    - BRPickerView/StringPickerView (= 2.8.1)
  - BRPickerView/AddressPickerView (2.8.1):
    - BRPickerView/Base
  - BRPickerView/Base (2.8.1)
  - BRPickerView/DatePickerView (2.8.1):
    - BRPickerView/Base
  - BRPickerView/StringPickerView (2.8.1):
    - BRPickerView/Base
  - CocoaDebug (1.7.7)
  - Disk (0.6.4)
  - ExCodable (0.6.0)
  - FFPopup (1.1.5)
  - FLAnimatedImage (1.0.17)
  - FlexLib (3.1.6):
    - FlexLib/standard (= 3.1.6)
  - FlexLib/standard (3.1.6):
    - FlexLib/standard/no-arc (= 3.1.6)
    - Yoga (= 1.14.0)
  - FlexLib/standard/no-arc (3.1.6):
    - Yoga (= 1.14.0)
  - FMDB (2.7.5):
    - FMDB/standard (= 2.7.5)
  - FMDB/standard (2.7.5)
  - IQKeyboardManager (6.5.11)
  - IQKeyboardManagerSwift (6.5.11)
  - JCore (4.6.0)
  - JDStatusBarNotification (2.2.1)
  - JPush (5.2.0):
    - JCore (>= 2.0.0)
  - Kingfisher (7.10.1)
  - lottie-ios (2.5.3)
  - Masonry (1.1.0)
  - MBProgressHUD (1.2.0)
  - MJRefresh (3.7.6)
  - NYSKit (0.0.6):
    - AFNetworking (~> 4.0)
    - SVProgressHUD (~> 2.0)
  - NYSUIKit (0.0.6):
    - MJRefresh (~> 3.7.6)
    - NYSKit (~> 0.0.1)
  - ReactiveObjC (3.1.1)
  - RxCocoa (6.6.0):
    - RxRelay (= 6.6.0)
    - RxSwift (= 6.6.0)
  - RxRelay (6.6.0):
    - RxSwift (= 6.6.0)
  - RxSwift (6.6.0)
  - SDWebImage (5.18.10):
    - SDWebImage/Core (= 5.18.10)
  - SDWebImage/Core (5.18.10)
  - SFSafeSymbols (4.1.1)
  - SGPagingView (2.1.0)
  - SGQRCode (4.1.0)
  - SnapKit (5.6.0)
  - SVProgressHUD (2.3.1):
    - SVProgressHUD/Core (= 2.3.1)
  - SVProgressHUD/Core (2.3.1)
  - UMAPM (1.8.6)
  - UMCCommon (7.3.7):
    - UMAPM
    - UMDevice
  - UMCCommonLog (2.0.2)
  - UMDevice (3.3.0)
  - WechatOpenSDK (2.0.2)
  - WMZBanner (1.2.0):
    - SDWebImage
  - WRNavigationBar (1.4.0)
  - XHLaunchAd (3.9.12):
    - FLAnimatedImage (~> 1.0.12)
  - Yoga (1.14.0)
  - YYKit (1.0.9):
    - YYKit/no-arc (= 1.0.9)
  - YYKit/no-arc (1.0.9)
  - YYModel (1.0.4)
  - ZCycleView (1.0.4)
  - ZLPhotoBrowser (4.4.0):
    - ZLPhotoBrowser/Core (= 4.4.0)
  - ZLPhotoBrowser-objc (1.0.4):
    - SDWebImage
  - ZLPhotoBrowser/Core (4.4.0)

DEPENDENCIES:
  - AcknowList (= 3.0.1)
  - AMapLocation
  - AMapTrack
  - BetterCodable
  - BRPickerView (= 2.8.1)
  - CocoaDebug
  - Disk (= 0.6.4)
  - ExCodable
  - FFPopup (= 1.1.5)
  - FlexLib (= 3.1.6)
  - FMDB (= 2.7.5)
  - IQKeyboardManager (= 6.5.11)
  - IQKeyboardManagerSwift (= 6.5.11)
  - JDStatusBarNotification (= 2.2.1)
  - JPush
  - Kingfisher (= 7.10.1)
  - lottie-ios (= 2.5.3)
  - Masonry (= 1.1.0)
  - MBProgressHUD (= 1.2.0)
  - "NYSKit (from `git@github.com:niyongsheng/NYSKit.git`, tag `0.0.6`)"
  - "NYSUIKit (from `git@github.com:niyongsheng/NYSKit.git`, tag `0.0.6`)"
  - ReactiveObjC (= 3.1.1)
  - RxCocoa (= 6.6.0)
  - RxSwift (= 6.6.0)
  - SFSafeSymbols
  - SGPagingView (= 2.1.0)
  - SGQRCode (= 4.1.0)
  - SnapKit (= 5.6.0)
  - UMAPM
  - UMCCommon
  - UMCCommonLog (= 2.0.2)
  - UMDevice
  - WechatOpenSDK (= 2.0.2)
  - WMZBanner (= 1.2.0)
  - WRNavigationBar (= 1.4.0)
  - XHLaunchAd (= 3.9.12)
  - YYKit (= 1.0.9)
  - YYModel (= 1.0.4)
  - ZCycleView (= 1.0.4)
  - ZLPhotoBrowser (= 4.4.0)
  - ZLPhotoBrowser-objc (= 1.0.4)

SPEC REPOS:
  https://github.com/CocoaPods/Specs.git:
    - AcknowList
    - AFNetworking
    - AMapFoundation
    - AMapLocation
    - AMapTrack
    - BetterCodable
    - BRPickerView
    - CocoaDebug
    - Disk
    - ExCodable
    - FFPopup
    - FLAnimatedImage
    - FlexLib
    - FMDB
    - IQKeyboardManager
    - IQKeyboardManagerSwift
    - JCore
    - JDStatusBarNotification
    - JPush
    - Kingfisher
    - lottie-ios
    - Masonry
    - MBProgressHUD
    - MJRefresh
    - ReactiveObjC
    - RxCocoa
    - RxRelay
    - RxSwift
    - SDWebImage
    - SFSafeSymbols
    - SGPagingView
    - SGQRCode
    - SnapKit
    - SVProgressHUD
    - UMAPM
    - UMCCommon
    - UMCCommonLog
    - UMDevice
    - WechatOpenSDK
    - WMZBanner
    - WRNavigationBar
    - XHLaunchAd
    - Yoga
    - YYKit
    - YYModel
    - ZCycleView
    - ZLPhotoBrowser
    - ZLPhotoBrowser-objc

EXTERNAL SOURCES:
  NYSKit:
    :git: "git@github.com:niyongsheng/NYSKit.git"
    :tag: 0.0.6
  NYSUIKit:
    :git: "git@github.com:niyongsheng/NYSKit.git"
    :tag: 0.0.6

CHECKOUT OPTIONS:
  NYSKit:
    :git: "git@github.com:niyongsheng/NYSKit.git"
    :tag: 0.0.6
  NYSUIKit:
    :git: "git@github.com:niyongsheng/NYSKit.git"
    :tag: 0.0.6

SPEC CHECKSUMS:
  AcknowList: 1aca788e5f1fae79d671c9c48d83ef21027232c0
  AFNetworking: 3bd23d814e976cd148d7d44c3ab78017b744cd58
  AMapFoundation: 9885c48fc3a78fdfb84a0299a2293e56ea3c9fec
  AMapLocation: 5248aec2455ebb5d104b367813c946430a2ee033
  AMapTrack: e95862d44af9c7fd0cc755b7a96622f35bf3764c
  BetterCodable: 3f2a765c9f4089b19debd2a7b904a69fca0a5fda
  BRPickerView: 2531a2d4d0fea0b57a1c738de215af0f88863a2f
  CocoaDebug: b38d31464b91a9775928f8667d114db07b136565
  Disk: dcee5c2e98fb72f9a924cde8da8435b08244a80e
  ExCodable: bffaf3d9623fc0ee464a07441a1711ea9860c0f7
  FFPopup: a208dcee8db3e54ec4a88fcd6481f6f5d85b7a83
  FLAnimatedImage: bbf914596368867157cc71b38a8ec834b3eeb32b
  FlexLib: 11124863c7f197423b46d0593f2cd95c7ca0c0a5
  FMDB: 2ce00b547f966261cd18927a3ddb07cb6f3db82a
  IQKeyboardManager: ef43ce1ba1e5aaf4adf222c0a46f39761f246879
  IQKeyboardManagerSwift: c7955c0bdbf7b2eb29bb7daaa44e3d90f55a9a85
  JCore: bfb281ba5fbf3d3e50ccb36bb41d54e0e99312df
  JDStatusBarNotification: d43e8481174a2c5f195d16ce65c611f4a12bf507
  JPush: 76668b765fcfd7c15f86b05ca0e5cdc01945ce23
  Kingfisher: bc5abe80a8e0144537ef1dd5a0b2621b04f7f439
  lottie-ios: a50d5c0160425cd4b01b852bb9578963e6d92d31
  Masonry: 678fab65091a9290e40e2832a55e7ab731aad201
  MBProgressHUD: 3ee5efcc380f6a79a7cc9b363dd669c5e1ae7406
  MJRefresh: 2fe7fb43a5167ceda20bb7e63f130c04fd1814a5
  NYSKit: b632a9f33c4c19103f66ba3276b8d519ece9f123
  NYSUIKit: 01e93c7f1e7482f8b2052c61dab3a4db036701f0
  ReactiveObjC: 011caa393aa0383245f2dcf9bf02e86b80b36040
  RxCocoa: 44a80de90e25b739b5aeaae3c8c371a32e3343cc
  RxRelay: 45eaa5db8ee4fb50e5ebd57deec0159e97fa51e6
  RxSwift: a4b44f7d24599f674deebd1818eab82e58410632
  SDWebImage: fc8f2d48bbfd72ef39d70e981bd24a3f3be53fec
  SFSafeSymbols: 902576dbf8ea16b4c6152cef2a26e47b3f55defb
  SGPagingView: fb90c03c809363ea340189053c5635a128e1ef84
  SGQRCode: 6ad664d63f38f2842503bc5087812c5a3136d924
  SnapKit: e01d52ebb8ddbc333eefe2132acf85c8227d9c25
  SVProgressHUD: 4837c74bdfe2e51e8821c397825996a8d7de6e22
  UMAPM: e69eb6542a7c98f31a0d177d31ecfa1a2ceee1c3
  UMCCommon: aac337052f23b0e08c0f3cf021d3bb209f2c49bd
  UMCCommonLog: bea707e50c85cef4b0eb47cc5c7226bb843245ca
  UMDevice: f67106f8f1a8bc465ba20d376d896e178be66ba7
  WechatOpenSDK: e79349b37d44c015210f39fd6d2379f0ec60efe2
  WMZBanner: 42d02896dc7a67a4d7a2ebe1ef5b7a79f8d2c540
  WRNavigationBar: 10bfdf96addf14d640d07c2ef08a029c18d8af10
  XHLaunchAd: 6320f9c68732667323072fc3a5f104e40fbe9cfe
  Yoga: cff67a400f6b74dc38eb0bad4f156673d9aa980c
  YYKit: 7cda43304a8dc3696c449041e2cb3107b4e236e7
  YYModel: 2a7fdd96aaa4b86a824e26d0c517de8928c04b30
  ZCycleView: 7826fb8439486339ed099b0979d9b564a2937ab0
  ZLPhotoBrowser: fb978a8ea6ed228a146694cd475c9642f0cb7c91
  ZLPhotoBrowser-objc: c7657d3bc85ae231884e058d0e3638f619164736

PODFILE CHECKSUM: ed58fe0d5e1a90521cda4113fa0b3da1e1d34a26

COCOAPODS: 1.12.0
