// !$*UTF8*$!
{
	archiveVersion = 1;
	classes = {
	};
	objectVersion = 56;
	objects = {

/* Begin PBXBuildFile section */
		C8597A8229F5119E008BEE7F /* AppDelegate.swift in Sources */ = {isa = PBXBuildFile; fileRef = C8597A8129F5119E008BEE7F /* AppDelegate.swift */; };
		C8597A8629F5119E008BEE7F /* ViewController.swift in Sources */ = {isa = PBXBuildFile; fileRef = C8597A8529F5119E008BEE7F /* ViewController.swift */; };
		C8597A8929F5119E008BEE7F /* Main.storyboard in Resources */ = {isa = PBXBuildFile; fileRef = C8597A8729F5119E008BEE7F /* Main.storyboard */; };
		C8597A8B29F511A0008BEE7F /* Assets.xcassets in Resources */ = {isa = PBXBuildFile; fileRef = C8597A8A29F511A0008BEE7F /* Assets.xcassets */; };
		C8597A8E29F511A0008BEE7F /* LaunchScreen.storyboard in Resources */ = {isa = PBXBuildFile; fileRef = C8597A8C29F511A0008BEE7F /* LaunchScreen.storyboard */; };
		C8597A9E29F5191A008BEE7F /* NYSKit.framework in Frameworks */ = {isa = PBXBuildFile; fileRef = C8597A9C29F5191A008BEE7F /* NYSKit.framework */; };
		C8597AA029F5191A008BEE7F /* NYSUIKit.framework in Frameworks */ = {isa = PBXBuildFile; fileRef = C8597A9D29F5191A008BEE7F /* NYSUIKit.framework */; };
/* End PBXBuildFile section */

/* Begin PBXFileReference section */
		C8597A7E29F5119E008BEE7F /* NYSAppSwift.app */ = {isa = PBXFileReference; explicitFileType = wrapper.application; includeInIndex = 0; path = NYSAppSwift.app; sourceTree = BUILT_PRODUCTS_DIR; };
		C8597A8129F5119E008BEE7F /* AppDelegate.swift */ = {isa = PBXFileReference; lastKnownFileType = sourcecode.swift; path = AppDelegate.swift; sourceTree = "<group>"; };
		C8597A8529F5119E008BEE7F /* ViewController.swift */ = {isa = PBXFileReference; lastKnownFileType = sourcecode.swift; path = ViewController.swift; sourceTree = "<group>"; };
		C8597A8829F5119E008BEE7F /* Base */ = {isa = PBXFileReference; lastKnownFileType = file.storyboard; name = Base; path = Base.lproj/Main.storyboard; sourceTree = "<group>"; };
		C8597A8A29F511A0008BEE7F /* Assets.xcassets */ = {isa = PBXFileReference; lastKnownFileType = folder.assetcatalog; path = Assets.xcassets; sourceTree = "<group>"; };
		C8597A8D29F511A0008BEE7F /* Base */ = {isa = PBXFileReference; lastKnownFileType = file.storyboard; name = Base; path = Base.lproj/LaunchScreen.storyboard; sourceTree = "<group>"; };
		C8597A8F29F511A0008BEE7F /* Info.plist */ = {isa = PBXFileReference; lastKnownFileType = text.plist.xml; path = Info.plist; sourceTree = "<group>"; };
		C8597A9C29F5191A008BEE7F /* NYSKit.framework */ = {isa = PBXFileReference; explicitFileType = wrapper.framework; path = NYSKit.framework; sourceTree = BUILT_PRODUCTS_DIR; };
		C8597A9D29F5191A008BEE7F /* NYSUIKit.framework */ = {isa = PBXFileReference; explicitFileType = wrapper.framework; path = NYSUIKit.framework; sourceTree = BUILT_PRODUCTS_DIR; };
		C8597AC929F522D9008BEE7F /* PrefixHeader.pch */ = {isa = PBXFileReference; fileEncoding = 4; lastKnownFileType = sourcecode.c.h; path = PrefixHeader.pch; sourceTree = "<group>"; };
/* End PBXFileReference section */

/* Begin PBXFrameworksBuildPhase section */
		C8597A7B29F5119E008BEE7F /* Frameworks */ = {
			isa = PBXFrameworksBuildPhase;
			buildActionMask = 2147483647;
			files = (
				C8597AA029F5191A008BEE7F /* NYSUIKit.framework in Frameworks */,
				C8597A9E29F5191A008BEE7F /* NYSKit.framework in Frameworks */,
			);
			runOnlyForDeploymentPostprocessing = 0;
		};
/* End PBXFrameworksBuildPhase section */

/* Begin PBXGroup section */
		C8597A7529F5119E008BEE7F = {
			isa = PBXGroup;
			children = (
				C8597A8029F5119E008BEE7F /* NYSAppSwift */,
				C8597A7F29F5119E008BEE7F /* Products */,
				C8597A9B29F5191A008BEE7F /* Frameworks */,
			);
			sourceTree = "<group>";
		};
		C8597A7F29F5119E008BEE7F /* Products */ = {
			isa = PBXGroup;
			children = (
				C8597A7E29F5119E008BEE7F /* NYSAppSwift.app */,
			);
			name = Products;
			sourceTree = "<group>";
		};
		C8597A8029F5119E008BEE7F /* NYSAppSwift */ = {
			isa = PBXGroup;
			children = (
				C8597A8F29F511A0008BEE7F /* Info.plist */,
				C8597A9729F51250008BEE7F /* Modules */,
				C8597A9829F51257008BEE7F /* Supporting Files */,
			);
			path = NYSAppSwift;
			sourceTree = "<group>";
		};
		C8597A9729F51250008BEE7F /* Modules */ = {
			isa = PBXGroup;
			children = (
			);
			path = Modules;
			sourceTree = "<group>";
		};
		C8597A9829F51257008BEE7F /* Supporting Files */ = {
			isa = PBXGroup;
			children = (
				C8597AC929F522D9008BEE7F /* PrefixHeader.pch */,
				C8597A8129F5119E008BEE7F /* AppDelegate.swift */,
				C8597A8529F5119E008BEE7F /* ViewController.swift */,
				C8597A8729F5119E008BEE7F /* Main.storyboard */,
				C8597A8A29F511A0008BEE7F /* Assets.xcassets */,
				C8597A8C29F511A0008BEE7F /* LaunchScreen.storyboard */,
			);
			path = "Supporting Files";
			sourceTree = "<group>";
		};
		C8597A9B29F5191A008BEE7F /* Frameworks */ = {
			isa = PBXGroup;
			children = (
				C8597A9C29F5191A008BEE7F /* NYSKit.framework */,
				C8597A9D29F5191A008BEE7F /* NYSUIKit.framework */,
			);
			name = Frameworks;
			sourceTree = "<group>";
		};
/* End PBXGroup section */

/* Begin PBXNativeTarget section */
		C8597A7D29F5119E008BEE7F /* NYSAppSwift */ = {
			isa = PBXNativeTarget;
			buildConfigurationList = C8597A9229F511A0008BEE7F /* Build configuration list for PBXNativeTarget "NYSAppSwift" */;
			buildPhases = (
				C8597A7A29F5119E008BEE7F /* Sources */,
				C8597A7B29F5119E008BEE7F /* Frameworks */,
				C8597A7C29F5119E008BEE7F /* Resources */,
			);
			buildRules = (
			);
			dependencies = (
			);
			name = NYSAppSwift;
			productName = NYSAppSwift;
			productReference = C8597A7E29F5119E008BEE7F /* NYSAppSwift.app */;
			productType = "com.apple.product-type.application";
		};
/* End PBXNativeTarget section */

/* Begin PBXProject section */
		C8597A7629F5119E008BEE7F /* Project object */ = {
			isa = PBXProject;
			attributes = {
				BuildIndependentTargetsInParallel = 1;
				LastSwiftUpdateCheck = 1420;
				LastUpgradeCheck = 1420;
				TargetAttributes = {
					C8597A7D29F5119E008BEE7F = {
						CreatedOnToolsVersion = 14.2;
					};
				};
			};
			buildConfigurationList = C8597A7929F5119E008BEE7F /* Build configuration list for PBXProject "NYSAppSwift" */;
			compatibilityVersion = "Xcode 14.0";
			developmentRegion = en;
			hasScannedForEncodings = 0;
			knownRegions = (
				en,
				Base,
			);
			mainGroup = C8597A7529F5119E008BEE7F;
			productRefGroup = C8597A7F29F5119E008BEE7F /* Products */;
			projectDirPath = "";
			projectRoot = "";
			targets = (
				C8597A7D29F5119E008BEE7F /* NYSAppSwift */,
			);
		};
/* End PBXProject section */

/* Begin PBXResourcesBuildPhase section */
		C8597A7C29F5119E008BEE7F /* Resources */ = {
			isa = PBXResourcesBuildPhase;
			buildActionMask = 2147483647;
			files = (
				C8597A8E29F511A0008BEE7F /* LaunchScreen.storyboard in Resources */,
				C8597A8B29F511A0008BEE7F /* Assets.xcassets in Resources */,
				C8597A8929F5119E008BEE7F /* Main.storyboard in Resources */,
			);
			runOnlyForDeploymentPostprocessing = 0;
		};
/* End PBXResourcesBuildPhase section */

/* Begin PBXSourcesBuildPhase section */
		C8597A7A29F5119E008BEE7F /* Sources */ = {
			isa = PBXSourcesBuildPhase;
			buildActionMask = 2147483647;
			files = (
				C8597A8629F5119E008BEE7F /* ViewController.swift in Sources */,
				C8597A8229F5119E008BEE7F /* AppDelegate.swift in Sources */,
			);
			runOnlyForDeploymentPostprocessing = 0;
		};
/* End PBXSourcesBuildPhase section */

/* Begin PBXVariantGroup section */
		C8597A8729F5119E008BEE7F /* Main.storyboard */ = {
			isa = PBXVariantGroup;
			children = (
				C8597A8829F5119E008BEE7F /* Base */,
			);
			name = Main.storyboard;
			sourceTree = "<group>";
		};
		C8597A8C29F511A0008BEE7F /* LaunchScreen.storyboard */ = {
			isa = PBXVariantGroup;
			children = (
				C8597A8D29F511A0008BEE7F /* Base */,
			);
			name = LaunchScreen.storyboard;
			sourceTree = "<group>";
		};
/* End PBXVariantGroup section */

/* Begin XCBuildConfiguration section */
		C8597A9029F511A0008BEE7F /* Debug */ = {
			isa = XCBuildConfiguration;
			buildSettings = {
				ALWAYS_SEARCH_USER_PATHS = NO;
				CLANG_ANALYZER_NONNULL = YES;
				CLANG_ANALYZER_NUMBER_OBJECT_CONVERSION = YES_AGGRESSIVE;
				CLANG_CXX_LANGUAGE_STANDARD = "gnu++20";
				CLANG_ENABLE_MODULES = YES;
				CLANG_ENABLE_OBJC_ARC = YES;
				CLANG_ENABLE_OBJC_WEAK = YES;
				CLANG_WARN_BLOCK_CAPTURE_AUTORELEASING = YES;
				CLANG_WARN_BOOL_CONVERSION = YES;
				CLANG_WARN_COMMA = YES;
				CLANG_WARN_CONSTANT_CONVERSION = YES;
				CLANG_WARN_DEPRECATED_OBJC_IMPLEMENTATIONS = YES;
				CLANG_WARN_DIRECT_OBJC_ISA_USAGE = YES_ERROR;
				CLANG_WARN_DOCUMENTATION_COMMENTS = YES;
				CLANG_WARN_EMPTY_BODY = YES;
				CLANG_WARN_ENUM_CONVERSION = YES;
				CLANG_WARN_INFINITE_RECURSION = YES;
				CLANG_WARN_INT_CONVERSION = YES;
				CLANG_WARN_NON_LITERAL_NULL_CONVERSION = YES;
				CLANG_WARN_OBJC_IMPLICIT_RETAIN_SELF = YES;
				CLANG_WARN_OBJC_LITERAL_CONVERSION = YES;
				CLANG_WARN_OBJC_ROOT_CLASS = YES_ERROR;
				CLANG_WARN_QUOTED_INCLUDE_IN_FRAMEWORK_HEADER = YES;
				CLANG_WARN_RANGE_LOOP_ANALYSIS = YES;
				CLANG_WARN_STRICT_PROTOTYPES = YES;
				CLANG_WARN_SUSPICIOUS_MOVE = YES;
				CLANG_WARN_UNGUARDED_AVAILABILITY = YES_AGGRESSIVE;
				CLANG_WARN_UNREACHABLE_CODE = YES;
				CLANG_WARN__DUPLICATE_METHOD_MATCH = YES;
				COPY_PHASE_STRIP = NO;
				DEBUG_INFORMATION_FORMAT = dwarf;
				ENABLE_STRICT_OBJC_MSGSEND = YES;
				ENABLE_TESTABILITY = YES;
				GCC_C_LANGUAGE_STANDARD = gnu11;
				GCC_DYNAMIC_NO_PIC = NO;
				GCC_NO_COMMON_BLOCKS = YES;
				GCC_OPTIMIZATION_LEVEL = 0;
				GCC_PREPROCESSOR_DEFINITIONS = (
					"DEBUG=1",
					"$(inherited)",
				);
				GCC_WARN_64_TO_32_BIT_CONVERSION = YES;
				GCC_WARN_ABOUT_RETURN_TYPE = YES_ERROR;
				GCC_WARN_UNDECLARED_SELECTOR = YES;
				GCC_WARN_UNINITIALIZED_AUTOS = YES_AGGRESSIVE;
				GCC_WARN_UNUSED_FUNCTION = YES;
				GCC_WARN_UNUSED_VARIABLE = YES;
				IPHONEOS_DEPLOYMENT_TARGET = 16.2;
				MTL_ENABLE_DEBUG_INFO = INCLUDE_SOURCE;
				MTL_FAST_MATH = YES;
				ONLY_ACTIVE_ARCH = YES;
				SDKROOT = iphoneos;
				SWIFT_ACTIVE_COMPILATION_CONDITIONS = DEBUG;
				SWIFT_OPTIMIZATION_LEVEL = "-Onone";
			};
			name = Debug;
		};
		C8597A9129F511A0008BEE7F /* Release */ = {
			isa = XCBuildConfiguration;
			buildSettings = {
				ALWAYS_SEARCH_USER_PATHS = NO;
				CLANG_ANALYZER_NONNULL = YES;
				CLANG_ANALYZER_NUMBER_OBJECT_CONVERSION = YES_AGGRESSIVE;
				CLANG_CXX_LANGUAGE_STANDARD = "gnu++20";
				CLANG_ENABLE_MODULES = YES;
				CLANG_ENABLE_OBJC_ARC = YES;
				CLANG_ENABLE_OBJC_WEAK = YES;
				CLANG_WARN_BLOCK_CAPTURE_AUTORELEASING = YES;
				CLANG_WARN_BOOL_CONVERSION = YES;
				CLANG_WARN_COMMA = YES;
				CLANG_WARN_CONSTANT_CONVERSION = YES;
				CLANG_WARN_DEPRECATED_OBJC_IMPLEMENTATIONS = YES;
				CLANG_WARN_DIRECT_OBJC_ISA_USAGE = YES_ERROR;
				CLANG_WARN_DOCUMENTATION_COMMENTS = YES;
				CLANG_WARN_EMPTY_BODY = YES;
				CLANG_WARN_ENUM_CONVERSION = YES;
				CLANG_WARN_INFINITE_RECURSION = YES;
				CLANG_WARN_INT_CONVERSION = YES;
				CLANG_WARN_NON_LITERAL_NULL_CONVERSION = YES;
				CLANG_WARN_OBJC_IMPLICIT_RETAIN_SELF = YES;
				CLANG_WARN_OBJC_LITERAL_CONVERSION = YES;
				CLANG_WARN_OBJC_ROOT_CLASS = YES_ERROR;
				CLANG_WARN_QUOTED_INCLUDE_IN_FRAMEWORK_HEADER = YES;
				CLANG_WARN_RANGE_LOOP_ANALYSIS = YES;
				CLANG_WARN_STRICT_PROTOTYPES = YES;
				CLANG_WARN_SUSPICIOUS_MOVE = YES;
				CLANG_WARN_UNGUARDED_AVAILABILITY = YES_AGGRESSIVE;
				CLANG_WARN_UNREACHABLE_CODE = YES;
				CLANG_WARN__DUPLICATE_METHOD_MATCH = YES;
				COPY_PHASE_STRIP = NO;
				DEBUG_INFORMATION_FORMAT = "dwarf-with-dsym";
				ENABLE_NS_ASSERTIONS = NO;
				ENABLE_STRICT_OBJC_MSGSEND = YES;
				GCC_C_LANGUAGE_STANDARD = gnu11;
				GCC_NO_COMMON_BLOCKS = YES;
				GCC_WARN_64_TO_32_BIT_CONVERSION = YES;
				GCC_WARN_ABOUT_RETURN_TYPE = YES_ERROR;
				GCC_WARN_UNDECLARED_SELECTOR = YES;
				GCC_WARN_UNINITIALIZED_AUTOS = YES_AGGRESSIVE;
				GCC_WARN_UNUSED_FUNCTION = YES;
				GCC_WARN_UNUSED_VARIABLE = YES;
				IPHONEOS_DEPLOYMENT_TARGET = 16.2;
				MTL_ENABLE_DEBUG_INFO = NO;
				MTL_FAST_MATH = YES;
				SDKROOT = iphoneos;
				SWIFT_COMPILATION_MODE = wholemodule;
				SWIFT_OPTIMIZATION_LEVEL = "-O";
				VALIDATE_PRODUCT = YES;
			};
			name = Release;
		};
		C8597A9329F511A0008BEE7F /* Debug */ = {
			isa = XCBuildConfiguration;
			buildSettings = {
				ASSETCATALOG_COMPILER_APPICON_NAME = AppIcon;
				ASSETCATALOG_COMPILER_GLOBAL_ACCENT_COLOR_NAME = AccentColor;
				CODE_SIGN_STYLE = Automatic;
				CURRENT_PROJECT_VERSION = 1;
				DEVELOPMENT_TEAM = F9J739W8Y4;
				GCC_PRECOMPILE_PREFIX_HEADER = YES;
				GCC_PREFIX_HEADER = "$(SRCROOT)/NYSAppSwift/Supporting Files/PrefixHeader.pch";
				GENERATE_INFOPLIST_FILE = YES;
				INFOPLIST_FILE = NYSAppSwift/Info.plist;
				INFOPLIST_KEY_UIApplicationSupportsIndirectInputEvents = YES;
				INFOPLIST_KEY_UILaunchStoryboardName = LaunchScreen;
				INFOPLIST_KEY_UIMainStoryboardFile = Main;
				INFOPLIST_KEY_UISupportedInterfaceOrientations_iPad = "UIInterfaceOrientationPortrait UIInterfaceOrientationPortraitUpsideDown UIInterfaceOrientationLandscapeLeft UIInterfaceOrientationLandscapeRight";
				INFOPLIST_KEY_UISupportedInterfaceOrientations_iPhone = "UIInterfaceOrientationPortrait UIInterfaceOrientationLandscapeLeft UIInterfaceOrientationLandscapeRight";
				IPHONEOS_DEPLOYMENT_TARGET = 13.0;
				LD_RUNPATH_SEARCH_PATHS = (
					"$(inherited)",
					"@executable_path/Frameworks",
				);
				MARKETING_VERSION = 1.0;
				PRODUCT_BUNDLE_IDENTIFIER = com.ws.NYSAppSwift;
				PRODUCT_NAME = "$(TARGET_NAME)";
				SWIFT_EMIT_LOC_STRINGS = YES;
				SWIFT_VERSION = 5.0;
				TARGETED_DEVICE_FAMILY = "1,2";
			};
			name = Debug;
		};
		C8597A9429F511A0008BEE7F /* Release */ = {
			isa = XCBuildConfiguration;
			buildSettings = {
				ASSETCATALOG_COMPILER_APPICON_NAME = AppIcon;
				ASSETCATALOG_COMPILER_GLOBAL_ACCENT_COLOR_NAME = AccentColor;
				CODE_SIGN_STYLE = Automatic;
				CURRENT_PROJECT_VERSION = 1;
				DEVELOPMENT_TEAM = F9J739W8Y4;
				GCC_PRECOMPILE_PREFIX_HEADER = YES;
				GCC_PREFIX_HEADER = "$(SRCROOT)/NYSAppSwift/Supporting Files/PrefixHeader.pch";
				GENERATE_INFOPLIST_FILE = YES;
				INFOPLIST_FILE = NYSAppSwift/Info.plist;
				INFOPLIST_KEY_UIApplicationSupportsIndirectInputEvents = YES;
				INFOPLIST_KEY_UILaunchStoryboardName = LaunchScreen;
				INFOPLIST_KEY_UIMainStoryboardFile = Main;
				INFOPLIST_KEY_UISupportedInterfaceOrientations_iPad = "UIInterfaceOrientationPortrait UIInterfaceOrientationPortraitUpsideDown UIInterfaceOrientationLandscapeLeft UIInterfaceOrientationLandscapeRight";
				INFOPLIST_KEY_UISupportedInterfaceOrientations_iPhone = "UIInterfaceOrientationPortrait UIInterfaceOrientationLandscapeLeft UIInterfaceOrientationLandscapeRight";
				IPHONEOS_DEPLOYMENT_TARGET = 13.0;
				LD_RUNPATH_SEARCH_PATHS = (
					"$(inherited)",
					"@executable_path/Frameworks",
				);
				MARKETING_VERSION = 1.0;
				PRODUCT_BUNDLE_IDENTIFIER = com.ws.NYSAppSwift;
				PRODUCT_NAME = "$(TARGET_NAME)";
				SWIFT_EMIT_LOC_STRINGS = YES;
				SWIFT_VERSION = 5.0;
				TARGETED_DEVICE_FAMILY = "1,2";
			};
			name = Release;
		};
/* End XCBuildConfiguration section */

/* Begin XCConfigurationList section */
		C8597A7929F5119E008BEE7F /* Build configuration list for PBXProject "NYSAppSwift" */ = {
			isa = XCConfigurationList;
			buildConfigurations = (
				C8597A9029F511A0008BEE7F /* Debug */,
				C8597A9129F511A0008BEE7F /* Release */,
			);
			defaultConfigurationIsVisible = 0;
			defaultConfigurationName = Release;
		};
		C8597A9229F511A0008BEE7F /* Build configuration list for PBXNativeTarget "NYSAppSwift" */ = {
			isa = XCConfigurationList;
			buildConfigurations = (
				C8597A9329F511A0008BEE7F /* Debug */,
				C8597A9429F511A0008BEE7F /* Release */,
			);
			defaultConfigurationIsVisible = 0;
			defaultConfigurationName = Release;
		};
/* End XCConfigurationList section */
	};
	rootObject = C8597A7629F5119E008BEE7F /* Project object */;
}
