// !$*UTF8*$!
{
	archiveVersion = 1;
	classes = {
	};
	objectVersion = 56;
	objects = {

/* Begin PBXBuildFile section */
		C8597A1E29F51052008BEE7F /* AppDelegate.m in Sources */ = {isa = PBXBuildFile; fileRef = C8597A1D29F51052008BEE7F /* AppDelegate.m */; };
		C8597A2729F51052008BEE7F /* Main.storyboard in Resources */ = {isa = PBXBuildFile; fileRef = C8597A2529F51052008BEE7F /* Main.storyboard */; };
		C8597A2929F51054008BEE7F /* Assets.xcassets in Resources */ = {isa = PBXBuildFile; fileRef = C8597A2829F51054008BEE7F /* Assets.xcassets */; };
		C8597A2C29F51054008BEE7F /* LaunchScreen.storyboard in Resources */ = {isa = PBXBuildFile; fileRef = C8597A2A29F51054008BEE7F /* LaunchScreen.storyboard */; };
		C8597A2F29F51054008BEE7F /* main.m in Sources */ = {isa = PBXBuildFile; fileRef = C8597A2E29F51054008BEE7F /* main.m */; };
		C8597AA629F5194A008BEE7F /* NYSKit.framework in Frameworks */ = {isa = PBXBuildFile; fileRef = C8597AA429F5194A008BEE7F /* NYSKit.framework */; };
		C8597AA829F5194A008BEE7F /* NYSUIKit.framework in Frameworks */ = {isa = PBXBuildFile; fileRef = C8597AA529F5194A008BEE7F /* NYSUIKit.framework */; };
/* End PBXBuildFile section */

/* Begin PBXFileReference section */
		C8597A1929F51052008BEE7F /* NYSAppObjC.app */ = {isa = PBXFileReference; explicitFileType = wrapper.application; includeInIndex = 0; path = NYSAppObjC.app; sourceTree = BUILT_PRODUCTS_DIR; };
		C8597A1C29F51052008BEE7F /* AppDelegate.h */ = {isa = PBXFileReference; lastKnownFileType = sourcecode.c.h; path = AppDelegate.h; sourceTree = "<group>"; };
		C8597A1D29F51052008BEE7F /* AppDelegate.m */ = {isa = PBXFileReference; lastKnownFileType = sourcecode.c.objc; path = AppDelegate.m; sourceTree = "<group>"; };
		C8597A2629F51052008BEE7F /* Base */ = {isa = PBXFileReference; lastKnownFileType = file.storyboard; name = Base; path = Base.lproj/Main.storyboard; sourceTree = "<group>"; };
		C8597A2829F51054008BEE7F /* Assets.xcassets */ = {isa = PBXFileReference; lastKnownFileType = folder.assetcatalog; path = Assets.xcassets; sourceTree = "<group>"; };
		C8597A2B29F51054008BEE7F /* Base */ = {isa = PBXFileReference; lastKnownFileType = file.storyboard; name = Base; path = Base.lproj/LaunchScreen.storyboard; sourceTree = "<group>"; };
		C8597A2D29F51054008BEE7F /* Info.plist */ = {isa = PBXFileReference; lastKnownFileType = text.plist.xml; path = Info.plist; sourceTree = "<group>"; };
		C8597A2E29F51054008BEE7F /* main.m */ = {isa = PBXFileReference; lastKnownFileType = sourcecode.c.objc; path = main.m; sourceTree = "<group>"; };
		C8597A9929F5129D008BEE7F /* PrefixHeader.pch */ = {isa = PBXFileReference; fileEncoding = 4; lastKnownFileType = sourcecode.c.h; path = PrefixHeader.pch; sourceTree = "<group>"; };
		C8597AA429F5194A008BEE7F /* NYSKit.framework */ = {isa = PBXFileReference; explicitFileType = wrapper.framework; path = NYSKit.framework; sourceTree = BUILT_PRODUCTS_DIR; };
		C8597AA529F5194A008BEE7F /* NYSUIKit.framework */ = {isa = PBXFileReference; explicitFileType = wrapper.framework; path = NYSUIKit.framework; sourceTree = BUILT_PRODUCTS_DIR; };
		C8597AB929F52007008BEE7F /* Bridging-Header.h.h */ = {isa = PBXFileReference; lastKnownFileType = sourcecode.c.h; path = "Bridging-Header.h.h"; sourceTree = "<group>"; };
/* End PBXFileReference section */

/* Begin PBXFrameworksBuildPhase section */
		C8597A1629F51052008BEE7F /* Frameworks */ = {
			isa = PBXFrameworksBuildPhase;
			buildActionMask = 2147483647;
			files = (
				C8597AA829F5194A008BEE7F /* NYSUIKit.framework in Frameworks */,
				C8597AA629F5194A008BEE7F /* NYSKit.framework in Frameworks */,
			);
			runOnlyForDeploymentPostprocessing = 0;
		};
/* End PBXFrameworksBuildPhase section */

/* Begin PBXGroup section */
		C8597A1029F51052008BEE7F = {
			isa = PBXGroup;
			children = (
				C8597A1B29F51052008BEE7F /* NYSAppObjC */,
				C8597A1A29F51052008BEE7F /* Products */,
				C8597AA329F5194A008BEE7F /* Frameworks */,
			);
			sourceTree = "<group>";
		};
		C8597A1A29F51052008BEE7F /* Products */ = {
			isa = PBXGroup;
			children = (
				C8597A1929F51052008BEE7F /* NYSAppObjC.app */,
			);
			name = Products;
			sourceTree = "<group>";
		};
		C8597A1B29F51052008BEE7F /* NYSAppObjC */ = {
			isa = PBXGroup;
			children = (
				C8597A9629F5124A008BEE7F /* Modules */,
				C8597A9529F51202008BEE7F /* Supporting Files */,
			);
			path = NYSAppObjC;
			sourceTree = "<group>";
		};
		C8597A9529F51202008BEE7F /* Supporting Files */ = {
			isa = PBXGroup;
			children = (
				C8597A9929F5129D008BEE7F /* PrefixHeader.pch */,
				C8597AB929F52007008BEE7F /* Bridging-Header.h.h */,
				C8597A1C29F51052008BEE7F /* AppDelegate.h */,
				C8597A1D29F51052008BEE7F /* AppDelegate.m */,
				C8597A2529F51052008BEE7F /* Main.storyboard */,
				C8597A2829F51054008BEE7F /* Assets.xcassets */,
				C8597A2A29F51054008BEE7F /* LaunchScreen.storyboard */,
				C8597A2D29F51054008BEE7F /* Info.plist */,
				C8597A2E29F51054008BEE7F /* main.m */,
			);
			path = "Supporting Files";
			sourceTree = "<group>";
		};
		C8597A9629F5124A008BEE7F /* Modules */ = {
			isa = PBXGroup;
			children = (
			);
			path = Modules;
			sourceTree = "<group>";
		};
		C8597AA329F5194A008BEE7F /* Frameworks */ = {
			isa = PBXGroup;
			children = (
				C8597AA429F5194A008BEE7F /* NYSKit.framework */,
				C8597AA529F5194A008BEE7F /* NYSUIKit.framework */,
			);
			name = Frameworks;
			sourceTree = "<group>";
		};
/* End PBXGroup section */

/* Begin PBXNativeTarget section */
		C8597A1829F51052008BEE7F /* NYSAppObjC */ = {
			isa = PBXNativeTarget;
			buildConfigurationList = C8597A3229F51054008BEE7F /* Build configuration list for PBXNativeTarget "NYSAppObjC" */;
			buildPhases = (
				C8597A1529F51052008BEE7F /* Sources */,
				C8597A1629F51052008BEE7F /* Frameworks */,
				C8597A1729F51052008BEE7F /* Resources */,
			);
			buildRules = (
			);
			dependencies = (
			);
			name = NYSAppObjC;
			productName = NYSAppObjC;
			productReference = C8597A1929F51052008BEE7F /* NYSAppObjC.app */;
			productType = "com.apple.product-type.application";
		};
/* End PBXNativeTarget section */

/* Begin PBXProject section */
		C8597A1129F51052008BEE7F /* Project object */ = {
			isa = PBXProject;
			attributes = {
				BuildIndependentTargetsInParallel = 1;
				LastUpgradeCheck = 1420;
				TargetAttributes = {
					C8597A1829F51052008BEE7F = {
						CreatedOnToolsVersion = 14.2;
						LastSwiftMigration = 1420;
					};
				};
			};
			buildConfigurationList = C8597A1429F51052008BEE7F /* Build configuration list for PBXProject "NYSAppObjC" */;
			compatibilityVersion = "Xcode 14.0";
			developmentRegion = en;
			hasScannedForEncodings = 0;
			knownRegions = (
				en,
				Base,
			);
			mainGroup = C8597A1029F51052008BEE7F;
			productRefGroup = C8597A1A29F51052008BEE7F /* Products */;
			projectDirPath = "";
			projectRoot = "";
			targets = (
				C8597A1829F51052008BEE7F /* NYSAppObjC */,
			);
		};
/* End PBXProject section */

/* Begin PBXResourcesBuildPhase section */
		C8597A1729F51052008BEE7F /* Resources */ = {
			isa = PBXResourcesBuildPhase;
			buildActionMask = 2147483647;
			files = (
				C8597A2C29F51054008BEE7F /* LaunchScreen.storyboard in Resources */,
				C8597A2929F51054008BEE7F /* Assets.xcassets in Resources */,
				C8597A2729F51052008BEE7F /* Main.storyboard in Resources */,
			);
			runOnlyForDeploymentPostprocessing = 0;
		};
/* End PBXResourcesBuildPhase section */

/* Begin PBXSourcesBuildPhase section */
		C8597A1529F51052008BEE7F /* Sources */ = {
			isa = PBXSourcesBuildPhase;
			buildActionMask = 2147483647;
			files = (
				C8597A1E29F51052008BEE7F /* AppDelegate.m in Sources */,
				C8597A2F29F51054008BEE7F /* main.m in Sources */,
			);
			runOnlyForDeploymentPostprocessing = 0;
		};
/* End PBXSourcesBuildPhase section */

/* Begin PBXVariantGroup section */
		C8597A2529F51052008BEE7F /* Main.storyboard */ = {
			isa = PBXVariantGroup;
			children = (
				C8597A2629F51052008BEE7F /* Base */,
			);
			name = Main.storyboard;
			sourceTree = "<group>";
		};
		C8597A2A29F51054008BEE7F /* LaunchScreen.storyboard */ = {
			isa = PBXVariantGroup;
			children = (
				C8597A2B29F51054008BEE7F /* Base */,
			);
			name = LaunchScreen.storyboard;
			sourceTree = "<group>";
		};
/* End PBXVariantGroup section */

/* Begin XCBuildConfiguration section */
		C8597A3029F51054008BEE7F /* Debug */ = {
			isa = XCBuildConfiguration;
			buildSettings = {
				ALWAYS_SEARCH_USER_PATHS = NO;
				CLANG_ANALYZER_NONNULL = YES;
				CLANG_ANALYZER_NUMBER_OBJECT_CONVERSION = YES_AGGRESSIVE;
				CLANG_CXX_LANGUAGE_STANDARD = "gnu++20";
				CLANG_ENABLE_MODULES = YES;
				CLANG_ENABLE_OBJC_ARC = YES;
				CLANG_ENABLE_OBJC_WEAK = YES;
				CLANG_WARN_BLOCK_CAPTURE_AUTORELEASING = YES;
				CLANG_WARN_BOOL_CONVERSION = YES;
				CLANG_WARN_COMMA = YES;
				CLANG_WARN_CONSTANT_CONVERSION = YES;
				CLANG_WARN_DEPRECATED_OBJC_IMPLEMENTATIONS = YES;
				CLANG_WARN_DIRECT_OBJC_ISA_USAGE = YES_ERROR;
				CLANG_WARN_DOCUMENTATION_COMMENTS = YES;
				CLANG_WARN_EMPTY_BODY = YES;
				CLANG_WARN_ENUM_CONVERSION = YES;
				CLANG_WARN_INFINITE_RECURSION = YES;
				CLANG_WARN_INT_CONVERSION = YES;
				CLANG_WARN_NON_LITERAL_NULL_CONVERSION = YES;
				CLANG_WARN_OBJC_IMPLICIT_RETAIN_SELF = YES;
				CLANG_WARN_OBJC_LITERAL_CONVERSION = YES;
				CLANG_WARN_OBJC_ROOT_CLASS = YES_ERROR;
				CLANG_WARN_QUOTED_INCLUDE_IN_FRAMEWORK_HEADER = YES;
				CLANG_WARN_RANGE_LOOP_ANALYSIS = YES;
				CLANG_WARN_STRICT_PROTOTYPES = YES;
				CLANG_WARN_SUSPICIOUS_MOVE = YES;
				CLANG_WARN_UNGUARDED_AVAILABILITY = YES_AGGRESSIVE;
				CLANG_WARN_UNREACHABLE_CODE = YES;
				CLANG_WARN__DUPLICATE_METHOD_MATCH = YES;
				COPY_PHASE_STRIP = NO;
				DEBUG_INFORMATION_FORMAT = dwarf;
				ENABLE_STRICT_OBJC_MSGSEND = YES;
				ENABLE_TESTABILITY = YES;
				GCC_C_LANGUAGE_STANDARD = gnu11;
				GCC_DYNAMIC_NO_PIC = NO;
				GCC_NO_COMMON_BLOCKS = YES;
				GCC_OPTIMIZATION_LEVEL = 0;
				GCC_PREPROCESSOR_DEFINITIONS = (
					"DEBUG=1",
					"$(inherited)",
				);
				GCC_WARN_64_TO_32_BIT_CONVERSION = YES;
				GCC_WARN_ABOUT_RETURN_TYPE = YES_ERROR;
				GCC_WARN_UNDECLARED_SELECTOR = YES;
				GCC_WARN_UNINITIALIZED_AUTOS = YES_AGGRESSIVE;
				GCC_WARN_UNUSED_FUNCTION = YES;
				GCC_WARN_UNUSED_VARIABLE = YES;
				IPHONEOS_DEPLOYMENT_TARGET = 16.2;
				MTL_ENABLE_DEBUG_INFO = INCLUDE_SOURCE;
				MTL_FAST_MATH = YES;
				ONLY_ACTIVE_ARCH = YES;
				SDKROOT = iphoneos;
			};
			name = Debug;
		};
		C8597A3129F51054008BEE7F /* Release */ = {
			isa = XCBuildConfiguration;
			buildSettings = {
				ALWAYS_SEARCH_USER_PATHS = NO;
				CLANG_ANALYZER_NONNULL = YES;
				CLANG_ANALYZER_NUMBER_OBJECT_CONVERSION = YES_AGGRESSIVE;
				CLANG_CXX_LANGUAGE_STANDARD = "gnu++20";
				CLANG_ENABLE_MODULES = YES;
				CLANG_ENABLE_OBJC_ARC = YES;
				CLANG_ENABLE_OBJC_WEAK = YES;
				CLANG_WARN_BLOCK_CAPTURE_AUTORELEASING = YES;
				CLANG_WARN_BOOL_CONVERSION = YES;
				CLANG_WARN_COMMA = YES;
				CLANG_WARN_CONSTANT_CONVERSION = YES;
				CLANG_WARN_DEPRECATED_OBJC_IMPLEMENTATIONS = YES;
				CLANG_WARN_DIRECT_OBJC_ISA_USAGE = YES_ERROR;
				CLANG_WARN_DOCUMENTATION_COMMENTS = YES;
				CLANG_WARN_EMPTY_BODY = YES;
				CLANG_WARN_ENUM_CONVERSION = YES;
				CLANG_WARN_INFINITE_RECURSION = YES;
				CLANG_WARN_INT_CONVERSION = YES;
				CLANG_WARN_NON_LITERAL_NULL_CONVERSION = YES;
				CLANG_WARN_OBJC_IMPLICIT_RETAIN_SELF = YES;
				CLANG_WARN_OBJC_LITERAL_CONVERSION = YES;
				CLANG_WARN_OBJC_ROOT_CLASS = YES_ERROR;
				CLANG_WARN_QUOTED_INCLUDE_IN_FRAMEWORK_HEADER = YES;
				CLANG_WARN_RANGE_LOOP_ANALYSIS = YES;
				CLANG_WARN_STRICT_PROTOTYPES = YES;
				CLANG_WARN_SUSPICIOUS_MOVE = YES;
				CLANG_WARN_UNGUARDED_AVAILABILITY = YES_AGGRESSIVE;
				CLANG_WARN_UNREACHABLE_CODE = YES;
				CLANG_WARN__DUPLICATE_METHOD_MATCH = YES;
				COPY_PHASE_STRIP = NO;
				DEBUG_INFORMATION_FORMAT = "dwarf-with-dsym";
				ENABLE_NS_ASSERTIONS = NO;
				ENABLE_STRICT_OBJC_MSGSEND = YES;
				GCC_C_LANGUAGE_STANDARD = gnu11;
				GCC_NO_COMMON_BLOCKS = YES;
				GCC_WARN_64_TO_32_BIT_CONVERSION = YES;
				GCC_WARN_ABOUT_RETURN_TYPE = YES_ERROR;
				GCC_WARN_UNDECLARED_SELECTOR = YES;
				GCC_WARN_UNINITIALIZED_AUTOS = YES_AGGRESSIVE;
				GCC_WARN_UNUSED_FUNCTION = YES;
				GCC_WARN_UNUSED_VARIABLE = YES;
				IPHONEOS_DEPLOYMENT_TARGET = 16.2;
				MTL_ENABLE_DEBUG_INFO = NO;
				MTL_FAST_MATH = YES;
				SDKROOT = iphoneos;
				VALIDATE_PRODUCT = YES;
			};
			name = Release;
		};
		C8597A3329F51054008BEE7F /* Debug */ = {
			isa = XCBuildConfiguration;
			buildSettings = {
				ASSETCATALOG_COMPILER_APPICON_NAME = AppIcon;
				ASSETCATALOG_COMPILER_GLOBAL_ACCENT_COLOR_NAME = AccentColor;
				CLANG_ENABLE_MODULES = YES;
				CODE_SIGN_STYLE = Automatic;
				CURRENT_PROJECT_VERSION = 1;
				DEVELOPMENT_TEAM = F9J739W8Y4;
				GCC_PRECOMPILE_PREFIX_HEADER = YES;
				GCC_PREFIX_HEADER = "$(SRCROOT)/NYSAppObjC/Supporting Files/PrefixHeader.pch";
				GENERATE_INFOPLIST_FILE = YES;
				INFOPLIST_FILE = NYSAppObjC/Info.plist;
				INFOPLIST_KEY_UIApplicationSupportsIndirectInputEvents = YES;
				INFOPLIST_KEY_UILaunchStoryboardName = "";
				INFOPLIST_KEY_UIMainStoryboardFile = Main;
				INFOPLIST_KEY_UISupportedInterfaceOrientations = "UIInterfaceOrientationLandscapeLeft UIInterfaceOrientationLandscapeRight UIInterfaceOrientationPortrait";
				INFOPLIST_KEY_UISupportedInterfaceOrientations_iPad = "UIInterfaceOrientationLandscapeLeft UIInterfaceOrientationLandscapeRight UIInterfaceOrientationPortrait UIInterfaceOrientationPortraitUpsideDown";
				IPHONEOS_DEPLOYMENT_TARGET = 13.0;
				LD_RUNPATH_SEARCH_PATHS = (
					"$(inherited)",
					"@executable_path/Frameworks",
				);
				MARKETING_VERSION = 1.0;
				PRODUCT_BUNDLE_IDENTIFIER = com.ws.NYSAppObjC;
				PRODUCT_NAME = "$(TARGET_NAME)";
				SUPPORTED_PLATFORMS = "iphoneos iphonesimulator";
				SUPPORTS_MACCATALYST = NO;
				SUPPORTS_MAC_DESIGNED_FOR_IPHONE_IPAD = YES;
				SWIFT_EMIT_LOC_STRINGS = YES;
				SWIFT_OBJC_BRIDGING_HEADER = "NYSAppObjC/Supporting Files/Bridging-Header.h";
				SWIFT_OPTIMIZATION_LEVEL = "-Onone";
				SWIFT_VERSION = 5.0;
				TARGETED_DEVICE_FAMILY = 1;
			};
			name = Debug;
		};
		C8597A3429F51054008BEE7F /* Release */ = {
			isa = XCBuildConfiguration;
			buildSettings = {
				ASSETCATALOG_COMPILER_APPICON_NAME = AppIcon;
				ASSETCATALOG_COMPILER_GLOBAL_ACCENT_COLOR_NAME = AccentColor;
				CLANG_ENABLE_MODULES = YES;
				CODE_SIGN_STYLE = Automatic;
				CURRENT_PROJECT_VERSION = 1;
				DEVELOPMENT_TEAM = F9J739W8Y4;
				GCC_PRECOMPILE_PREFIX_HEADER = YES;
				GCC_PREFIX_HEADER = "$(SRCROOT)/NYSAppObjC/Supporting Files/PrefixHeader.pch";
				GENERATE_INFOPLIST_FILE = YES;
				INFOPLIST_FILE = NYSAppObjC/Info.plist;
				INFOPLIST_KEY_UIApplicationSupportsIndirectInputEvents = YES;
				INFOPLIST_KEY_UILaunchStoryboardName = "";
				INFOPLIST_KEY_UIMainStoryboardFile = Main;
				INFOPLIST_KEY_UISupportedInterfaceOrientations = "UIInterfaceOrientationLandscapeLeft UIInterfaceOrientationLandscapeRight UIInterfaceOrientationPortrait";
				INFOPLIST_KEY_UISupportedInterfaceOrientations_iPad = "UIInterfaceOrientationLandscapeLeft UIInterfaceOrientationLandscapeRight UIInterfaceOrientationPortrait UIInterfaceOrientationPortraitUpsideDown";
				IPHONEOS_DEPLOYMENT_TARGET = 13.0;
				LD_RUNPATH_SEARCH_PATHS = (
					"$(inherited)",
					"@executable_path/Frameworks",
				);
				MARKETING_VERSION = 1.0;
				PRODUCT_BUNDLE_IDENTIFIER = com.ws.NYSAppObjC;
				PRODUCT_NAME = "$(TARGET_NAME)";
				SUPPORTED_PLATFORMS = "iphoneos iphonesimulator";
				SUPPORTS_MACCATALYST = NO;
				SUPPORTS_MAC_DESIGNED_FOR_IPHONE_IPAD = YES;
				SWIFT_EMIT_LOC_STRINGS = YES;
				SWIFT_OBJC_BRIDGING_HEADER = "NYSAppObjC/Supporting Files/Bridging-Header.h";
				SWIFT_VERSION = 5.0;
				TARGETED_DEVICE_FAMILY = 1;
			};
			name = Release;
		};
/* End XCBuildConfiguration section */

/* Begin XCConfigurationList section */
		C8597A1429F51052008BEE7F /* Build configuration list for PBXProject "NYSAppObjC" */ = {
			isa = XCConfigurationList;
			buildConfigurations = (
				C8597A3029F51054008BEE7F /* Debug */,
				C8597A3129F51054008BEE7F /* Release */,
			);
			defaultConfigurationIsVisible = 0;
			defaultConfigurationName = Release;
		};
		C8597A3229F51054008BEE7F /* Build configuration list for PBXNativeTarget "NYSAppObjC" */ = {
			isa = XCConfigurationList;
			buildConfigurations = (
				C8597A3329F51054008BEE7F /* Debug */,
				C8597A3429F51054008BEE7F /* Release */,
			);
			defaultConfigurationIsVisible = 0;
			defaultConfigurationName = Release;
		};
/* End XCConfigurationList section */
	};
	rootObject = C8597A1129F51052008BEE7F /* Project object */;
}
