// !$*UTF8*$!
{
	archiveVersion = 1;
	classes = {
	};
	objectVersion = 56;
	objects = {

/* Begin PBXBuildFile section */
		C8597A1E29F51052008BEE7F /* AppDelegate.m in Sources */ = {isa = PBXBuildFile; fileRef = C8597A1D29F51052008BEE7F /* AppDelegate.m */; };
		C8597A2729F51052008BEE7F /* Main.storyboard in Resources */ = {isa = PBXBuildFile; fileRef = C8597A2529F51052008BEE7F /* Main.storyboard */; };
		C8597A2929F51054008BEE7F /* Assets.xcassets in Resources */ = {isa = PBXBuildFile; fileRef = C8597A2829F51054008BEE7F /* Assets.xcassets */; };
		C8597A2C29F51054008BEE7F /* LaunchScreen.storyboard in Resources */ = {isa = PBXBuildFile; fileRef = C8597A2A29F51054008BEE7F /* LaunchScreen.storyboard */; };
		C8597A2F29F51054008BEE7F /* main.m in Sources */ = {isa = PBXBuildFile; fileRef = C8597A2E29F51054008BEE7F /* main.m */; };
		C8599B8E2A035E8700DEA603 /* themejson_day.json in Resources */ = {isa = PBXBuildFile; fileRef = C8599B8C2A035E8700DEA603 /* themejson_day.json */; };
		C8599B8F2A035E8700DEA603 /* themejson_night.json in Resources */ = {isa = PBXBuildFile; fileRef = C8599B8D2A035E8700DEA603 /* themejson_night.json */; };
		C8599B952A037DF100DEA603 /* NYSBannerCell.m in Sources */ = {isa = PBXBuildFile; fileRef = C8599B922A037DF100DEA603 /* NYSBannerCell.m */; };
		C8599BA12A03828400DEA603 /* NYSRecommendedCell.m in Sources */ = {isa = PBXBuildFile; fileRef = C8599B9F2A03828400DEA603 /* NYSRecommendedCell.m */; };
		C8599BA22A03828400DEA603 /* NYSRecommendedCell.xib in Resources */ = {isa = PBXBuildFile; fileRef = C8599BA02A03828400DEA603 /* NYSRecommendedCell.xib */; };
		C8599BA52A038BAE00DEA603 /* NYSBusinessView.m in Sources */ = {isa = PBXBuildFile; fileRef = C8599BA42A038BAE00DEA603 /* NYSBusinessView.m */; };
		C8599BA72A038BF200DEA603 /* NYSBusinessView.xib in Resources */ = {isa = PBXBuildFile; fileRef = C8599BA62A038BF200DEA603 /* NYSBusinessView.xib */; };
		C8599BAA2A03A3EC00DEA603 /* NYSSearchCourseVC.m in Sources */ = {isa = PBXBuildFile; fileRef = C8599BA92A03A3EC00DEA603 /* NYSSearchCourseVC.m */; };
		C8599BAE2A03A73A00DEA603 /* NYSCourseCell.m in Sources */ = {isa = PBXBuildFile; fileRef = C8599BAC2A03A73A00DEA603 /* NYSCourseCell.m */; };
		C8599BAF2A03A73A00DEA603 /* NYSCourseCell.xib in Resources */ = {isa = PBXBuildFile; fileRef = C8599BAD2A03A73A00DEA603 /* NYSCourseCell.xib */; };
		C8B7481629FBAD0D00673B75 /* NYSTabbarViewController.m in Sources */ = {isa = PBXBuildFile; fileRef = C8B7481529FBAD0D00673B75 /* NYSTabbarViewController.m */; };
		C8B7482C29FBB2AD00673B75 /* AppDelegate+AppService.m in Sources */ = {isa = PBXBuildFile; fileRef = C8B7482929FBB2AC00673B75 /* AppDelegate+AppService.m */; };
		C8B7482D29FBB2AD00673B75 /* AppDelegate+PushService.m in Sources */ = {isa = PBXBuildFile; fileRef = C8B7482B29FBB2AD00673B75 /* AppDelegate+PushService.m */; };
		C8B7484E29FBCD6B00673B75 /* NYSHomeViewController.m in Sources */ = {isa = PBXBuildFile; fileRef = C8B7484D29FBCD6B00673B75 /* NYSHomeViewController.m */; };
		C8B7485129FBCDD500673B75 /* NYSHomeModel.m in Sources */ = {isa = PBXBuildFile; fileRef = C8B7485029FBCDD500673B75 /* NYSHomeModel.m */; };
		C8C750292A04A8F300A91AAE /* NYSUIKit.framework in Frameworks */ = {isa = PBXBuildFile; fileRef = C8597AA529F5194A008BEE7F /* NYSUIKit.framework */; };
		C8C7502A2A04A8F300A91AAE /* NYSUIKit.framework in Embed Frameworks */ = {isa = PBXBuildFile; fileRef = C8597AA529F5194A008BEE7F /* NYSUIKit.framework */; settings = {ATTRIBUTES = (CodeSignOnCopy, RemoveHeadersOnCopy, ); }; };
		C8C7502D2A04B03100A91AAE /* LaunchImage.png in Resources */ = {isa = PBXBuildFile; fileRef = C8C7502C2A04B03100A91AAE /* LaunchImage.png */; };
		C8C750302A04C95F00A91AAE /* NYSHomeCourseVC.m in Sources */ = {isa = PBXBuildFile; fileRef = C8C7502F2A04C95F00A91AAE /* NYSHomeCourseVC.m */; };
		C8C750332A04D2C800A91AAE /* NYSMessageCenterVC.m in Sources */ = {isa = PBXBuildFile; fileRef = C8C750322A04D2C800A91AAE /* NYSMessageCenterVC.m */; };
		C8C750372A04D35C00A91AAE /* NYSMessageCenterCell.m in Sources */ = {isa = PBXBuildFile; fileRef = C8C750352A04D35C00A91AAE /* NYSMessageCenterCell.m */; };
		C8C750382A04D35C00A91AAE /* NYSMessageCenterCell.xib in Resources */ = {isa = PBXBuildFile; fileRef = C8C750362A04D35C00A91AAE /* NYSMessageCenterCell.xib */; };
		C8C7503C2A04D66500A91AAE /* NYSCallCenterVC.m in Sources */ = {isa = PBXBuildFile; fileRef = C8C7503A2A04D66500A91AAE /* NYSCallCenterVC.m */; };
		C8C7503D2A04D66500A91AAE /* NYSCallCenterVC.xib in Resources */ = {isa = PBXBuildFile; fileRef = C8C7503B2A04D66500A91AAE /* NYSCallCenterVC.xib */; };
		C8C750432A04DED500A91AAE /* NYSCourseModel.m in Sources */ = {isa = PBXBuildFile; fileRef = C8C750422A04DED500A91AAE /* NYSCourseModel.m */; };
		C8C750462A04DF2C00A91AAE /* NYSCourseListVC.m in Sources */ = {isa = PBXBuildFile; fileRef = C8C750452A04DF2C00A91AAE /* NYSCourseListVC.m */; };
		C8C750492A04DFD400A91AAE /* LayoutFittingView.m in Sources */ = {isa = PBXBuildFile; fileRef = C8C750482A04DFD400A91AAE /* LayoutFittingView.m */; };
		C8C7504D2A04E69100A91AAE /* NYSRecommendVC.m in Sources */ = {isa = PBXBuildFile; fileRef = C8C7504B2A04E69100A91AAE /* NYSRecommendVC.m */; };
		C8C7504E2A04E69100A91AAE /* NYSRecommendVC.xib in Resources */ = {isa = PBXBuildFile; fileRef = C8C7504C2A04E69100A91AAE /* NYSRecommendVC.xib */; };
		C8C750542A04ECBB00A91AAE /* NYSMineModel.m in Sources */ = {isa = PBXBuildFile; fileRef = C8C750532A04ECBB00A91AAE /* NYSMineModel.m */; };
		C8C750582A04ECE400A91AAE /* NYSMineViewController.xib in Resources */ = {isa = PBXBuildFile; fileRef = C8C750562A04ECE400A91AAE /* NYSMineViewController.xib */; };
		C8C750592A04ECE400A91AAE /* NYSMineViewController.m in Sources */ = {isa = PBXBuildFile; fileRef = C8C750572A04ECE400A91AAE /* NYSMineViewController.m */; };
		C8C7505D2A062D8E00A91AAE /* NYSSettingViewController.m in Sources */ = {isa = PBXBuildFile; fileRef = C8C7505A2A062D8D00A91AAE /* NYSSettingViewController.m */; };
		C8C7505E2A062D8E00A91AAE /* NYSSettingViewController.xib in Resources */ = {isa = PBXBuildFile; fileRef = C8C7505C2A062D8E00A91AAE /* NYSSettingViewController.xib */; };
		C8C750622A062DF500A91AAE /* NYSAboutViewController.m in Sources */ = {isa = PBXBuildFile; fileRef = C8C750602A062DF500A91AAE /* NYSAboutViewController.m */; };
		C8C750632A062DF500A91AAE /* NYSAboutViewController.xib in Resources */ = {isa = PBXBuildFile; fileRef = C8C750612A062DF500A91AAE /* NYSAboutViewController.xib */; };
		C8C750672A06356C00A91AAE /* NYSHelpViewController.m in Sources */ = {isa = PBXBuildFile; fileRef = C8C750652A06356C00A91AAE /* NYSHelpViewController.m */; };
		C8C750682A06356C00A91AAE /* NYSHelpViewController.xib in Resources */ = {isa = PBXBuildFile; fileRef = C8C750662A06356C00A91AAE /* NYSHelpViewController.xib */; };
		C8C7506C2A06375A00A91AAE /* NYSUpdateInfoVC.xib in Resources */ = {isa = PBXBuildFile; fileRef = C8C750692A06375A00A91AAE /* NYSUpdateInfoVC.xib */; };
		C8C7506D2A06375A00A91AAE /* NYSUpdateInfoVC.m in Sources */ = {isa = PBXBuildFile; fileRef = C8C7506B2A06375A00A91AAE /* NYSUpdateInfoVC.m */; };
		C8C750712A063B7900A91AAE /* NYSWalletViewController.m in Sources */ = {isa = PBXBuildFile; fileRef = C8C7506F2A063B7900A91AAE /* NYSWalletViewController.m */; };
		C8C750722A063B7900A91AAE /* NYSWalletViewController.xib in Resources */ = {isa = PBXBuildFile; fileRef = C8C750702A063B7900A91AAE /* NYSWalletViewController.xib */; };
		C8C750752A063D9600A91AAE /* NYSWalletHeader.m in Sources */ = {isa = PBXBuildFile; fileRef = C8C750742A063D9600A91AAE /* NYSWalletHeader.m */; };
		C8C750772A063D9F00A91AAE /* NYSWalletHeader.xib in Resources */ = {isa = PBXBuildFile; fileRef = C8C750762A063D9F00A91AAE /* NYSWalletHeader.xib */; };
		C8C7507B2A06422F00A91AAE /* NYSWalletMovemenCell.m in Sources */ = {isa = PBXBuildFile; fileRef = C8C750782A06422F00A91AAE /* NYSWalletMovemenCell.m */; };
		C8C7507C2A06422F00A91AAE /* NYSWalletMovemenCell.xib in Resources */ = {isa = PBXBuildFile; fileRef = C8C750792A06422F00A91AAE /* NYSWalletMovemenCell.xib */; };
		C8C750802A06462A00A91AAE /* NYSMovementDetailVC.xib in Resources */ = {isa = PBXBuildFile; fileRef = C8C7507E2A06462A00A91AAE /* NYSMovementDetailVC.xib */; };
		C8C750812A06462A00A91AAE /* NYSMovementDetailVC.m in Sources */ = {isa = PBXBuildFile; fileRef = C8C7507F2A06462A00A91AAE /* NYSMovementDetailVC.m */; };
		C8C750852A064B2600A91AAE /* NYSSecurityProtectionVC.xib in Resources */ = {isa = PBXBuildFile; fileRef = C8C750832A064B2600A91AAE /* NYSSecurityProtectionVC.xib */; };
		C8C750862A064B2600A91AAE /* NYSSecurityProtectionVC.m in Sources */ = {isa = PBXBuildFile; fileRef = C8C750842A064B2600A91AAE /* NYSSecurityProtectionVC.m */; };
		C8C7508A2A064CF300A91AAE /* NYSWithdrawViewController.m in Sources */ = {isa = PBXBuildFile; fileRef = C8C750882A064CF300A91AAE /* NYSWithdrawViewController.m */; };
		C8C7508B2A064CF300A91AAE /* NYSWithdrawViewController.xib in Resources */ = {isa = PBXBuildFile; fileRef = C8C750892A064CF300A91AAE /* NYSWithdrawViewController.xib */; };
		C8C7508F2A0653A600A91AAE /* NYSFeedbackVC.m in Sources */ = {isa = PBXBuildFile; fileRef = C8C7508C2A0653A600A91AAE /* NYSFeedbackVC.m */; };
		C8C750902A0653A600A91AAE /* NYSFeedbackVC.xib in Resources */ = {isa = PBXBuildFile; fileRef = C8C7508D2A0653A600A91AAE /* NYSFeedbackVC.xib */; };
		E6758FBB3618872B182E6E77 /* libPods-NYSAppObjC.a in Frameworks */ = {isa = PBXBuildFile; fileRef = 8CF660E1E00DCD701F855376 /* libPods-NYSAppObjC.a */; };
/* End PBXBuildFile section */

/* Begin PBXCopyFilesBuildPhase section */
		C8C7502B2A04A8F300A91AAE /* Embed Frameworks */ = {
			isa = PBXCopyFilesBuildPhase;
			buildActionMask = 2147483647;
			dstPath = "";
			dstSubfolderSpec = 10;
			files = (
				C8C7502A2A04A8F300A91AAE /* NYSUIKit.framework in Embed Frameworks */,
			);
			name = "Embed Frameworks";
			runOnlyForDeploymentPostprocessing = 0;
		};
/* End PBXCopyFilesBuildPhase section */

/* Begin PBXFileReference section */
		8CF660E1E00DCD701F855376 /* libPods-NYSAppObjC.a */ = {isa = PBXFileReference; explicitFileType = archive.ar; includeInIndex = 0; path = "libPods-NYSAppObjC.a"; sourceTree = BUILT_PRODUCTS_DIR; };
		C58F95B0D4613D82244763B3 /* Pods-NYSAppObjC.debug.xcconfig */ = {isa = PBXFileReference; includeInIndex = 1; lastKnownFileType = text.xcconfig; name = "Pods-NYSAppObjC.debug.xcconfig"; path = "Target Support Files/Pods-NYSAppObjC/Pods-NYSAppObjC.debug.xcconfig"; sourceTree = "<group>"; };
		C8597A1929F51052008BEE7F /* NYSAppObjC.app */ = {isa = PBXFileReference; explicitFileType = wrapper.application; includeInIndex = 0; path = NYSAppObjC.app; sourceTree = BUILT_PRODUCTS_DIR; };
		C8597A1C29F51052008BEE7F /* AppDelegate.h */ = {isa = PBXFileReference; lastKnownFileType = sourcecode.c.h; path = AppDelegate.h; sourceTree = "<group>"; };
		C8597A1D29F51052008BEE7F /* AppDelegate.m */ = {isa = PBXFileReference; lastKnownFileType = sourcecode.c.objc; path = AppDelegate.m; sourceTree = "<group>"; };
		C8597A2629F51052008BEE7F /* Base */ = {isa = PBXFileReference; lastKnownFileType = file.storyboard; name = Base; path = Base.lproj/Main.storyboard; sourceTree = "<group>"; };
		C8597A2829F51054008BEE7F /* Assets.xcassets */ = {isa = PBXFileReference; lastKnownFileType = folder.assetcatalog; path = Assets.xcassets; sourceTree = "<group>"; };
		C8597A2B29F51054008BEE7F /* Base */ = {isa = PBXFileReference; lastKnownFileType = file.storyboard; name = Base; path = Base.lproj/LaunchScreen.storyboard; sourceTree = "<group>"; };
		C8597A2D29F51054008BEE7F /* Info.plist */ = {isa = PBXFileReference; lastKnownFileType = text.plist.xml; path = Info.plist; sourceTree = "<group>"; };
		C8597A2E29F51054008BEE7F /* main.m */ = {isa = PBXFileReference; lastKnownFileType = sourcecode.c.objc; path = main.m; sourceTree = "<group>"; };
		C8597A9929F5129D008BEE7F /* PrefixHeader.pch */ = {isa = PBXFileReference; fileEncoding = 4; lastKnownFileType = sourcecode.c.h; path = PrefixHeader.pch; sourceTree = "<group>"; };
		C8597AA529F5194A008BEE7F /* NYSUIKit.framework */ = {isa = PBXFileReference; explicitFileType = wrapper.framework; path = NYSUIKit.framework; sourceTree = BUILT_PRODUCTS_DIR; };
		C8597AB929F52007008BEE7F /* Bridging-Header.h.h */ = {isa = PBXFileReference; lastKnownFileType = sourcecode.c.h; path = "Bridging-Header.h.h"; sourceTree = "<group>"; };
		C8599B8C2A035E8700DEA603 /* themejson_day.json */ = {isa = PBXFileReference; fileEncoding = 4; lastKnownFileType = text.json; path = themejson_day.json; sourceTree = "<group>"; };
		C8599B8D2A035E8700DEA603 /* themejson_night.json */ = {isa = PBXFileReference; fileEncoding = 4; lastKnownFileType = text.json; path = themejson_night.json; sourceTree = "<group>"; };
		C8599B922A037DF100DEA603 /* NYSBannerCell.m */ = {isa = PBXFileReference; fileEncoding = 4; lastKnownFileType = sourcecode.c.objc; path = NYSBannerCell.m; sourceTree = "<group>"; };
		C8599B932A037DF100DEA603 /* NYSBannerCell.h */ = {isa = PBXFileReference; fileEncoding = 4; lastKnownFileType = sourcecode.c.h; path = NYSBannerCell.h; sourceTree = "<group>"; };
		C8599B9E2A03828400DEA603 /* NYSRecommendedCell.h */ = {isa = PBXFileReference; lastKnownFileType = sourcecode.c.h; path = NYSRecommendedCell.h; sourceTree = "<group>"; };
		C8599B9F2A03828400DEA603 /* NYSRecommendedCell.m */ = {isa = PBXFileReference; lastKnownFileType = sourcecode.c.objc; path = NYSRecommendedCell.m; sourceTree = "<group>"; };
		C8599BA02A03828400DEA603 /* NYSRecommendedCell.xib */ = {isa = PBXFileReference; lastKnownFileType = file.xib; path = NYSRecommendedCell.xib; sourceTree = "<group>"; };
		C8599BA32A038BAE00DEA603 /* NYSBusinessView.h */ = {isa = PBXFileReference; lastKnownFileType = sourcecode.c.h; path = NYSBusinessView.h; sourceTree = "<group>"; };
		C8599BA42A038BAE00DEA603 /* NYSBusinessView.m */ = {isa = PBXFileReference; lastKnownFileType = sourcecode.c.objc; path = NYSBusinessView.m; sourceTree = "<group>"; };
		C8599BA62A038BF200DEA603 /* NYSBusinessView.xib */ = {isa = PBXFileReference; fileEncoding = 4; lastKnownFileType = file.xib; path = NYSBusinessView.xib; sourceTree = "<group>"; };
		C8599BA82A03A3EC00DEA603 /* NYSSearchCourseVC.h */ = {isa = PBXFileReference; lastKnownFileType = sourcecode.c.h; path = NYSSearchCourseVC.h; sourceTree = "<group>"; };
		C8599BA92A03A3EC00DEA603 /* NYSSearchCourseVC.m */ = {isa = PBXFileReference; lastKnownFileType = sourcecode.c.objc; path = NYSSearchCourseVC.m; sourceTree = "<group>"; };
		C8599BAB2A03A73A00DEA603 /* NYSCourseCell.h */ = {isa = PBXFileReference; lastKnownFileType = sourcecode.c.h; path = NYSCourseCell.h; sourceTree = "<group>"; };
		C8599BAC2A03A73A00DEA603 /* NYSCourseCell.m */ = {isa = PBXFileReference; lastKnownFileType = sourcecode.c.objc; path = NYSCourseCell.m; sourceTree = "<group>"; };
		C8599BAD2A03A73A00DEA603 /* NYSCourseCell.xib */ = {isa = PBXFileReference; lastKnownFileType = file.xib; path = NYSCourseCell.xib; sourceTree = "<group>"; };
		C8599BB02A03B18E00DEA603 /* NYSKit.framework */ = {isa = PBXFileReference; explicitFileType = wrapper.framework; path = NYSKit.framework; sourceTree = BUILT_PRODUCTS_DIR; };
		C8B7475D29FA75E100673B75 /* NYSAppObjC.entitlements */ = {isa = PBXFileReference; lastKnownFileType = text.plist.entitlements; path = NYSAppObjC.entitlements; sourceTree = "<group>"; };
		C8B7481429FBAD0D00673B75 /* NYSTabbarViewController.h */ = {isa = PBXFileReference; lastKnownFileType = sourcecode.c.h; path = NYSTabbarViewController.h; sourceTree = "<group>"; };
		C8B7481529FBAD0D00673B75 /* NYSTabbarViewController.m */ = {isa = PBXFileReference; lastKnownFileType = sourcecode.c.objc; path = NYSTabbarViewController.m; sourceTree = "<group>"; };
		C8B7482329FBB1D300673B75 /* CommonMacros.h */ = {isa = PBXFileReference; fileEncoding = 4; lastKnownFileType = sourcecode.c.h; path = CommonMacros.h; sourceTree = "<group>"; };
		C8B7482429FBB1D300673B75 /* ConfigMacros.h */ = {isa = PBXFileReference; fileEncoding = 4; lastKnownFileType = sourcecode.c.h; path = ConfigMacros.h; sourceTree = "<group>"; };
		C8B7482629FBB1D300673B75 /* StyleMacros.h */ = {isa = PBXFileReference; fileEncoding = 4; lastKnownFileType = sourcecode.c.h; path = StyleMacros.h; sourceTree = "<group>"; };
		C8B7482829FBB2AC00673B75 /* AppDelegate+PushService.h */ = {isa = PBXFileReference; fileEncoding = 4; lastKnownFileType = sourcecode.c.h; path = "AppDelegate+PushService.h"; sourceTree = "<group>"; };
		C8B7482929FBB2AC00673B75 /* AppDelegate+AppService.m */ = {isa = PBXFileReference; fileEncoding = 4; lastKnownFileType = sourcecode.c.objc; path = "AppDelegate+AppService.m"; sourceTree = "<group>"; };
		C8B7482A29FBB2AC00673B75 /* AppDelegate+AppService.h */ = {isa = PBXFileReference; fileEncoding = 4; lastKnownFileType = sourcecode.c.h; path = "AppDelegate+AppService.h"; sourceTree = "<group>"; };
		C8B7482B29FBB2AD00673B75 /* AppDelegate+PushService.m */ = {isa = PBXFileReference; fileEncoding = 4; lastKnownFileType = sourcecode.c.objc; path = "AppDelegate+PushService.m"; sourceTree = "<group>"; };
		C8B7484C29FBCD6B00673B75 /* NYSHomeViewController.h */ = {isa = PBXFileReference; lastKnownFileType = sourcecode.c.h; path = NYSHomeViewController.h; sourceTree = "<group>"; };
		C8B7484D29FBCD6B00673B75 /* NYSHomeViewController.m */ = {isa = PBXFileReference; lastKnownFileType = sourcecode.c.objc; path = NYSHomeViewController.m; sourceTree = "<group>"; };
		C8B7484F29FBCDD500673B75 /* NYSHomeModel.h */ = {isa = PBXFileReference; lastKnownFileType = sourcecode.c.h; path = NYSHomeModel.h; sourceTree = "<group>"; };
		C8B7485029FBCDD500673B75 /* NYSHomeModel.m */ = {isa = PBXFileReference; lastKnownFileType = sourcecode.c.objc; path = NYSHomeModel.m; sourceTree = "<group>"; };
		C8C7502C2A04B03100A91AAE /* LaunchImage.png */ = {isa = PBXFileReference; lastKnownFileType = image.png; path = LaunchImage.png; sourceTree = "<group>"; };
		C8C7502E2A04C95F00A91AAE /* NYSHomeCourseVC.h */ = {isa = PBXFileReference; lastKnownFileType = sourcecode.c.h; path = NYSHomeCourseVC.h; sourceTree = "<group>"; };
		C8C7502F2A04C95F00A91AAE /* NYSHomeCourseVC.m */ = {isa = PBXFileReference; lastKnownFileType = sourcecode.c.objc; path = NYSHomeCourseVC.m; sourceTree = "<group>"; };
		C8C750312A04D2C800A91AAE /* NYSMessageCenterVC.h */ = {isa = PBXFileReference; lastKnownFileType = sourcecode.c.h; path = NYSMessageCenterVC.h; sourceTree = "<group>"; };
		C8C750322A04D2C800A91AAE /* NYSMessageCenterVC.m */ = {isa = PBXFileReference; lastKnownFileType = sourcecode.c.objc; path = NYSMessageCenterVC.m; sourceTree = "<group>"; };
		C8C750342A04D35C00A91AAE /* NYSMessageCenterCell.h */ = {isa = PBXFileReference; lastKnownFileType = sourcecode.c.h; path = NYSMessageCenterCell.h; sourceTree = "<group>"; };
		C8C750352A04D35C00A91AAE /* NYSMessageCenterCell.m */ = {isa = PBXFileReference; lastKnownFileType = sourcecode.c.objc; path = NYSMessageCenterCell.m; sourceTree = "<group>"; };
		C8C750362A04D35C00A91AAE /* NYSMessageCenterCell.xib */ = {isa = PBXFileReference; lastKnownFileType = file.xib; path = NYSMessageCenterCell.xib; sourceTree = "<group>"; };
		C8C750392A04D66500A91AAE /* NYSCallCenterVC.h */ = {isa = PBXFileReference; lastKnownFileType = sourcecode.c.h; path = NYSCallCenterVC.h; sourceTree = "<group>"; };
		C8C7503A2A04D66500A91AAE /* NYSCallCenterVC.m */ = {isa = PBXFileReference; lastKnownFileType = sourcecode.c.objc; path = NYSCallCenterVC.m; sourceTree = "<group>"; };
		C8C7503B2A04D66500A91AAE /* NYSCallCenterVC.xib */ = {isa = PBXFileReference; lastKnownFileType = file.xib; path = NYSCallCenterVC.xib; sourceTree = "<group>"; };
		C8C750412A04DED500A91AAE /* NYSCourseModel.h */ = {isa = PBXFileReference; lastKnownFileType = sourcecode.c.h; path = NYSCourseModel.h; sourceTree = "<group>"; };
		C8C750422A04DED500A91AAE /* NYSCourseModel.m */ = {isa = PBXFileReference; lastKnownFileType = sourcecode.c.objc; path = NYSCourseModel.m; sourceTree = "<group>"; };
		C8C750442A04DF2C00A91AAE /* NYSCourseListVC.h */ = {isa = PBXFileReference; lastKnownFileType = sourcecode.c.h; path = NYSCourseListVC.h; sourceTree = "<group>"; };
		C8C750452A04DF2C00A91AAE /* NYSCourseListVC.m */ = {isa = PBXFileReference; lastKnownFileType = sourcecode.c.objc; path = NYSCourseListVC.m; sourceTree = "<group>"; };
		C8C750472A04DFD400A91AAE /* LayoutFittingView.h */ = {isa = PBXFileReference; fileEncoding = 4; lastKnownFileType = sourcecode.c.h; path = LayoutFittingView.h; sourceTree = "<group>"; };
		C8C750482A04DFD400A91AAE /* LayoutFittingView.m */ = {isa = PBXFileReference; fileEncoding = 4; lastKnownFileType = sourcecode.c.objc; path = LayoutFittingView.m; sourceTree = "<group>"; };
		C8C7504A2A04E69100A91AAE /* NYSRecommendVC.h */ = {isa = PBXFileReference; lastKnownFileType = sourcecode.c.h; path = NYSRecommendVC.h; sourceTree = "<group>"; };
		C8C7504B2A04E69100A91AAE /* NYSRecommendVC.m */ = {isa = PBXFileReference; lastKnownFileType = sourcecode.c.objc; path = NYSRecommendVC.m; sourceTree = "<group>"; };
		C8C7504C2A04E69100A91AAE /* NYSRecommendVC.xib */ = {isa = PBXFileReference; lastKnownFileType = file.xib; path = NYSRecommendVC.xib; sourceTree = "<group>"; };
		C8C750522A04ECBB00A91AAE /* NYSMineModel.h */ = {isa = PBXFileReference; lastKnownFileType = sourcecode.c.h; path = NYSMineModel.h; sourceTree = "<group>"; };
		C8C750532A04ECBB00A91AAE /* NYSMineModel.m */ = {isa = PBXFileReference; lastKnownFileType = sourcecode.c.objc; path = NYSMineModel.m; sourceTree = "<group>"; };
		C8C750552A04ECE400A91AAE /* NYSMineViewController.h */ = {isa = PBXFileReference; fileEncoding = 4; lastKnownFileType = sourcecode.c.h; path = NYSMineViewController.h; sourceTree = "<group>"; };
		C8C750562A04ECE400A91AAE /* NYSMineViewController.xib */ = {isa = PBXFileReference; fileEncoding = 4; lastKnownFileType = file.xib; path = NYSMineViewController.xib; sourceTree = "<group>"; };
		C8C750572A04ECE400A91AAE /* NYSMineViewController.m */ = {isa = PBXFileReference; fileEncoding = 4; lastKnownFileType = sourcecode.c.objc; path = NYSMineViewController.m; sourceTree = "<group>"; };
		C8C7505A2A062D8D00A91AAE /* NYSSettingViewController.m */ = {isa = PBXFileReference; fileEncoding = 4; lastKnownFileType = sourcecode.c.objc; path = NYSSettingViewController.m; sourceTree = "<group>"; };
		C8C7505B2A062D8D00A91AAE /* NYSSettingViewController.h */ = {isa = PBXFileReference; fileEncoding = 4; lastKnownFileType = sourcecode.c.h; path = NYSSettingViewController.h; sourceTree = "<group>"; };
		C8C7505C2A062D8E00A91AAE /* NYSSettingViewController.xib */ = {isa = PBXFileReference; fileEncoding = 4; lastKnownFileType = file.xib; path = NYSSettingViewController.xib; sourceTree = "<group>"; };
		C8C7505F2A062DF500A91AAE /* NYSAboutViewController.h */ = {isa = PBXFileReference; lastKnownFileType = sourcecode.c.h; path = NYSAboutViewController.h; sourceTree = "<group>"; };
		C8C750602A062DF500A91AAE /* NYSAboutViewController.m */ = {isa = PBXFileReference; lastKnownFileType = sourcecode.c.objc; path = NYSAboutViewController.m; sourceTree = "<group>"; };
		C8C750612A062DF500A91AAE /* NYSAboutViewController.xib */ = {isa = PBXFileReference; lastKnownFileType = file.xib; path = NYSAboutViewController.xib; sourceTree = "<group>"; };
		C8C750642A06356C00A91AAE /* NYSHelpViewController.h */ = {isa = PBXFileReference; fileEncoding = 4; lastKnownFileType = sourcecode.c.h; path = NYSHelpViewController.h; sourceTree = "<group>"; };
		C8C750652A06356C00A91AAE /* NYSHelpViewController.m */ = {isa = PBXFileReference; fileEncoding = 4; lastKnownFileType = sourcecode.c.objc; path = NYSHelpViewController.m; sourceTree = "<group>"; };
		C8C750662A06356C00A91AAE /* NYSHelpViewController.xib */ = {isa = PBXFileReference; fileEncoding = 4; lastKnownFileType = file.xib; path = NYSHelpViewController.xib; sourceTree = "<group>"; };
		C8C750692A06375A00A91AAE /* NYSUpdateInfoVC.xib */ = {isa = PBXFileReference; fileEncoding = 4; lastKnownFileType = file.xib; path = NYSUpdateInfoVC.xib; sourceTree = "<group>"; };
		C8C7506A2A06375A00A91AAE /* NYSUpdateInfoVC.h */ = {isa = PBXFileReference; fileEncoding = 4; lastKnownFileType = sourcecode.c.h; path = NYSUpdateInfoVC.h; sourceTree = "<group>"; };
		C8C7506B2A06375A00A91AAE /* NYSUpdateInfoVC.m */ = {isa = PBXFileReference; fileEncoding = 4; lastKnownFileType = sourcecode.c.objc; path = NYSUpdateInfoVC.m; sourceTree = "<group>"; };
		C8C7506E2A063B7900A91AAE /* NYSWalletViewController.h */ = {isa = PBXFileReference; lastKnownFileType = sourcecode.c.h; path = NYSWalletViewController.h; sourceTree = "<group>"; };
		C8C7506F2A063B7900A91AAE /* NYSWalletViewController.m */ = {isa = PBXFileReference; lastKnownFileType = sourcecode.c.objc; path = NYSWalletViewController.m; sourceTree = "<group>"; };
		C8C750702A063B7900A91AAE /* NYSWalletViewController.xib */ = {isa = PBXFileReference; lastKnownFileType = file.xib; path = NYSWalletViewController.xib; sourceTree = "<group>"; };
		C8C750732A063D9600A91AAE /* NYSWalletHeader.h */ = {isa = PBXFileReference; lastKnownFileType = sourcecode.c.h; path = NYSWalletHeader.h; sourceTree = "<group>"; };
		C8C750742A063D9600A91AAE /* NYSWalletHeader.m */ = {isa = PBXFileReference; lastKnownFileType = sourcecode.c.objc; path = NYSWalletHeader.m; sourceTree = "<group>"; };
		C8C750762A063D9F00A91AAE /* NYSWalletHeader.xib */ = {isa = PBXFileReference; fileEncoding = 4; lastKnownFileType = file.xib; path = NYSWalletHeader.xib; sourceTree = "<group>"; };
		C8C750782A06422F00A91AAE /* NYSWalletMovemenCell.m */ = {isa = PBXFileReference; fileEncoding = 4; lastKnownFileType = sourcecode.c.objc; path = NYSWalletMovemenCell.m; sourceTree = "<group>"; };
		C8C750792A06422F00A91AAE /* NYSWalletMovemenCell.xib */ = {isa = PBXFileReference; fileEncoding = 4; lastKnownFileType = file.xib; path = NYSWalletMovemenCell.xib; sourceTree = "<group>"; };
		C8C7507A2A06422F00A91AAE /* NYSWalletMovemenCell.h */ = {isa = PBXFileReference; fileEncoding = 4; lastKnownFileType = sourcecode.c.h; path = NYSWalletMovemenCell.h; sourceTree = "<group>"; };
		C8C7507D2A06462A00A91AAE /* NYSMovementDetailVC.h */ = {isa = PBXFileReference; fileEncoding = 4; lastKnownFileType = sourcecode.c.h; path = NYSMovementDetailVC.h; sourceTree = "<group>"; };
		C8C7507E2A06462A00A91AAE /* NYSMovementDetailVC.xib */ = {isa = PBXFileReference; fileEncoding = 4; lastKnownFileType = file.xib; path = NYSMovementDetailVC.xib; sourceTree = "<group>"; };
		C8C7507F2A06462A00A91AAE /* NYSMovementDetailVC.m */ = {isa = PBXFileReference; fileEncoding = 4; lastKnownFileType = sourcecode.c.objc; path = NYSMovementDetailVC.m; sourceTree = "<group>"; };
		C8C750822A064B2600A91AAE /* NYSSecurityProtectionVC.h */ = {isa = PBXFileReference; fileEncoding = 4; lastKnownFileType = sourcecode.c.h; path = NYSSecurityProtectionVC.h; sourceTree = "<group>"; };
		C8C750832A064B2600A91AAE /* NYSSecurityProtectionVC.xib */ = {isa = PBXFileReference; fileEncoding = 4; lastKnownFileType = file.xib; path = NYSSecurityProtectionVC.xib; sourceTree = "<group>"; };
		C8C750842A064B2600A91AAE /* NYSSecurityProtectionVC.m */ = {isa = PBXFileReference; fileEncoding = 4; lastKnownFileType = sourcecode.c.objc; path = NYSSecurityProtectionVC.m; sourceTree = "<group>"; };
		C8C750872A064CF300A91AAE /* NYSWithdrawViewController.h */ = {isa = PBXFileReference; lastKnownFileType = sourcecode.c.h; path = NYSWithdrawViewController.h; sourceTree = "<group>"; };
		C8C750882A064CF300A91AAE /* NYSWithdrawViewController.m */ = {isa = PBXFileReference; lastKnownFileType = sourcecode.c.objc; path = NYSWithdrawViewController.m; sourceTree = "<group>"; };
		C8C750892A064CF300A91AAE /* NYSWithdrawViewController.xib */ = {isa = PBXFileReference; lastKnownFileType = file.xib; path = NYSWithdrawViewController.xib; sourceTree = "<group>"; };
		C8C7508C2A0653A600A91AAE /* NYSFeedbackVC.m */ = {isa = PBXFileReference; fileEncoding = 4; lastKnownFileType = sourcecode.c.objc; path = NYSFeedbackVC.m; sourceTree = "<group>"; };
		C8C7508D2A0653A600A91AAE /* NYSFeedbackVC.xib */ = {isa = PBXFileReference; fileEncoding = 4; lastKnownFileType = file.xib; path = NYSFeedbackVC.xib; sourceTree = "<group>"; };
		C8C7508E2A0653A600A91AAE /* NYSFeedbackVC.h */ = {isa = PBXFileReference; fileEncoding = 4; lastKnownFileType = sourcecode.c.h; path = NYSFeedbackVC.h; sourceTree = "<group>"; };
		FE7C22C1B089104DEA1663BB /* Pods-NYSAppObjC.release.xcconfig */ = {isa = PBXFileReference; includeInIndex = 1; lastKnownFileType = text.xcconfig; name = "Pods-NYSAppObjC.release.xcconfig"; path = "Target Support Files/Pods-NYSAppObjC/Pods-NYSAppObjC.release.xcconfig"; sourceTree = "<group>"; };
/* End PBXFileReference section */

/* Begin PBXFrameworksBuildPhase section */
		C8597A1629F51052008BEE7F /* Frameworks */ = {
			isa = PBXFrameworksBuildPhase;
			buildActionMask = 2147483647;
			files = (
				C8C750292A04A8F300A91AAE /* NYSUIKit.framework in Frameworks */,
				E6758FBB3618872B182E6E77 /* libPods-NYSAppObjC.a in Frameworks */,
			);
			runOnlyForDeploymentPostprocessing = 0;
		};
/* End PBXFrameworksBuildPhase section */

/* Begin PBXGroup section */
		C8597A1029F51052008BEE7F = {
			isa = PBXGroup;
			children = (
				C8597A1B29F51052008BEE7F /* NYSAppObjC */,
				C8597A1A29F51052008BEE7F /* Products */,
				C8597AA329F5194A008BEE7F /* Frameworks */,
				E67E3E5AF7C3D51628F10A1E /* Pods */,
			);
			sourceTree = "<group>";
		};
		C8597A1A29F51052008BEE7F /* Products */ = {
			isa = PBXGroup;
			children = (
				C8597A1929F51052008BEE7F /* NYSAppObjC.app */,
			);
			name = Products;
			sourceTree = "<group>";
		};
		C8597A1B29F51052008BEE7F /* NYSAppObjC */ = {
			isa = PBXGroup;
			children = (
				C8B7475D29FA75E100673B75 /* NYSAppObjC.entitlements */,
				C8597A9629F5124A008BEE7F /* Modules */,
				C8597A9529F51202008BEE7F /* Supporting Files */,
			);
			path = NYSAppObjC;
			sourceTree = "<group>";
		};
		C8597A9529F51202008BEE7F /* Supporting Files */ = {
			isa = PBXGroup;
			children = (
				C8599B8C2A035E8700DEA603 /* themejson_day.json */,
				C8599B8D2A035E8700DEA603 /* themejson_night.json */,
				C8597A9929F5129D008BEE7F /* PrefixHeader.pch */,
				C8597AB929F52007008BEE7F /* Bridging-Header.h.h */,
				C8597A1C29F51052008BEE7F /* AppDelegate.h */,
				C8597A1D29F51052008BEE7F /* AppDelegate.m */,
				C8B7482A29FBB2AC00673B75 /* AppDelegate+AppService.h */,
				C8B7482929FBB2AC00673B75 /* AppDelegate+AppService.m */,
				C8B7482829FBB2AC00673B75 /* AppDelegate+PushService.h */,
				C8B7482B29FBB2AD00673B75 /* AppDelegate+PushService.m */,
				C8597A2529F51052008BEE7F /* Main.storyboard */,
				C8597A2829F51054008BEE7F /* Assets.xcassets */,
				C8C7502C2A04B03100A91AAE /* LaunchImage.png */,
				C8597A2A29F51054008BEE7F /* LaunchScreen.storyboard */,
				C8597A2D29F51054008BEE7F /* Info.plist */,
				C8597A2E29F51054008BEE7F /* main.m */,
			);
			path = "Supporting Files";
			sourceTree = "<group>";
		};
		C8597A9629F5124A008BEE7F /* Modules */ = {
			isa = PBXGroup;
			children = (
				C8B7484829FBC32A00673B75 /* Course */,
				C8B7484729FBC32200673B75 /* Mine */,
				C8B7484629FBC31500673B75 /* Home */,
				C8B7482229FBB1D300673B75 /* Headers */,
				C8B7481429FBAD0D00673B75 /* NYSTabbarViewController.h */,
				C8B7481529FBAD0D00673B75 /* NYSTabbarViewController.m */,
			);
			path = Modules;
			sourceTree = "<group>";
		};
		C8597AA329F5194A008BEE7F /* Frameworks */ = {
			isa = PBXGroup;
			children = (
				C8599BB02A03B18E00DEA603 /* NYSKit.framework */,
				C8597AA529F5194A008BEE7F /* NYSUIKit.framework */,
				8CF660E1E00DCD701F855376 /* libPods-NYSAppObjC.a */,
			);
			name = Frameworks;
			sourceTree = "<group>";
		};
		C8B7482229FBB1D300673B75 /* Headers */ = {
			isa = PBXGroup;
			children = (
				C8B7482329FBB1D300673B75 /* CommonMacros.h */,
				C8B7482429FBB1D300673B75 /* ConfigMacros.h */,
				C8B7482629FBB1D300673B75 /* StyleMacros.h */,
			);
			path = Headers;
			sourceTree = "<group>";
		};
		C8B7484629FBC31500673B75 /* Home */ = {
			isa = PBXGroup;
			children = (
				C8B7484B29FBCBFF00673B75 /* M */,
				C8B7484A29FBCBFA00673B75 /* V */,
				C8B7484929FBCBF100673B75 /* C */,
			);
			path = Home;
			sourceTree = "<group>";
		};
		C8B7484729FBC32200673B75 /* Mine */ = {
			isa = PBXGroup;
			children = (
				C8C750512A04EC9B00A91AAE /* M */,
				C8C750502A04EC9600A91AAE /* V */,
				C8C7504F2A04EC9000A91AAE /* C */,
			);
			path = Mine;
			sourceTree = "<group>";
		};
		C8B7484829FBC32A00673B75 /* Course */ = {
			isa = PBXGroup;
			children = (
				C8C750402A04DEAE00A91AAE /* M */,
				C8C7503F2A04DEA200A91AAE /* V */,
				C8C7503E2A04DE9C00A91AAE /* C */,
			);
			path = Course;
			sourceTree = "<group>";
		};
		C8B7484929FBCBF100673B75 /* C */ = {
			isa = PBXGroup;
			children = (
				C8B7484C29FBCD6B00673B75 /* NYSHomeViewController.h */,
				C8B7484D29FBCD6B00673B75 /* NYSHomeViewController.m */,
				C8C7502E2A04C95F00A91AAE /* NYSHomeCourseVC.h */,
				C8C7502F2A04C95F00A91AAE /* NYSHomeCourseVC.m */,
				C8599BA82A03A3EC00DEA603 /* NYSSearchCourseVC.h */,
				C8599BA92A03A3EC00DEA603 /* NYSSearchCourseVC.m */,
				C8C750312A04D2C800A91AAE /* NYSMessageCenterVC.h */,
				C8C750322A04D2C800A91AAE /* NYSMessageCenterVC.m */,
				C8C750392A04D66500A91AAE /* NYSCallCenterVC.h */,
				C8C7503A2A04D66500A91AAE /* NYSCallCenterVC.m */,
				C8C7503B2A04D66500A91AAE /* NYSCallCenterVC.xib */,
				C8C7504A2A04E69100A91AAE /* NYSRecommendVC.h */,
				C8C7504B2A04E69100A91AAE /* NYSRecommendVC.m */,
				C8C7504C2A04E69100A91AAE /* NYSRecommendVC.xib */,
			);
			path = C;
			sourceTree = "<group>";
		};
		C8B7484A29FBCBFA00673B75 /* V */ = {
			isa = PBXGroup;
			children = (
				C8599B932A037DF100DEA603 /* NYSBannerCell.h */,
				C8599B922A037DF100DEA603 /* NYSBannerCell.m */,
				C8599B9E2A03828400DEA603 /* NYSRecommendedCell.h */,
				C8599B9F2A03828400DEA603 /* NYSRecommendedCell.m */,
				C8599BA02A03828400DEA603 /* NYSRecommendedCell.xib */,
				C8599BA32A038BAE00DEA603 /* NYSBusinessView.h */,
				C8599BA42A038BAE00DEA603 /* NYSBusinessView.m */,
				C8599BA62A038BF200DEA603 /* NYSBusinessView.xib */,
				C8599BAB2A03A73A00DEA603 /* NYSCourseCell.h */,
				C8599BAC2A03A73A00DEA603 /* NYSCourseCell.m */,
				C8599BAD2A03A73A00DEA603 /* NYSCourseCell.xib */,
				C8C750342A04D35C00A91AAE /* NYSMessageCenterCell.h */,
				C8C750352A04D35C00A91AAE /* NYSMessageCenterCell.m */,
				C8C750362A04D35C00A91AAE /* NYSMessageCenterCell.xib */,
			);
			path = V;
			sourceTree = "<group>";
		};
		C8B7484B29FBCBFF00673B75 /* M */ = {
			isa = PBXGroup;
			children = (
				C8B7484F29FBCDD500673B75 /* NYSHomeModel.h */,
				C8B7485029FBCDD500673B75 /* NYSHomeModel.m */,
			);
			path = M;
			sourceTree = "<group>";
		};
		C8C7503E2A04DE9C00A91AAE /* C */ = {
			isa = PBXGroup;
			children = (
				C8C750442A04DF2C00A91AAE /* NYSCourseListVC.h */,
				C8C750452A04DF2C00A91AAE /* NYSCourseListVC.m */,
			);
			path = C;
			sourceTree = "<group>";
		};
		C8C7503F2A04DEA200A91AAE /* V */ = {
			isa = PBXGroup;
			children = (
				C8C750472A04DFD400A91AAE /* LayoutFittingView.h */,
				C8C750482A04DFD400A91AAE /* LayoutFittingView.m */,
			);
			path = V;
			sourceTree = "<group>";
		};
		C8C750402A04DEAE00A91AAE /* M */ = {
			isa = PBXGroup;
			children = (
				C8C750412A04DED500A91AAE /* NYSCourseModel.h */,
				C8C750422A04DED500A91AAE /* NYSCourseModel.m */,
			);
			path = M;
			sourceTree = "<group>";
		};
		C8C7504F2A04EC9000A91AAE /* C */ = {
			isa = PBXGroup;
			children = (
				C8C750552A04ECE400A91AAE /* NYSMineViewController.h */,
				C8C750572A04ECE400A91AAE /* NYSMineViewController.m */,
				C8C750562A04ECE400A91AAE /* NYSMineViewController.xib */,
				C8C7505B2A062D8D00A91AAE /* NYSSettingViewController.h */,
				C8C7505A2A062D8D00A91AAE /* NYSSettingViewController.m */,
				C8C7505C2A062D8E00A91AAE /* NYSSettingViewController.xib */,
				C8C7505F2A062DF500A91AAE /* NYSAboutViewController.h */,
				C8C750602A062DF500A91AAE /* NYSAboutViewController.m */,
				C8C750612A062DF500A91AAE /* NYSAboutViewController.xib */,
				C8C750642A06356C00A91AAE /* NYSHelpViewController.h */,
				C8C750652A06356C00A91AAE /* NYSHelpViewController.m */,
				C8C750662A06356C00A91AAE /* NYSHelpViewController.xib */,
				C8C7506A2A06375A00A91AAE /* NYSUpdateInfoVC.h */,
				C8C7506B2A06375A00A91AAE /* NYSUpdateInfoVC.m */,
				C8C750692A06375A00A91AAE /* NYSUpdateInfoVC.xib */,
				C8C7506E2A063B7900A91AAE /* NYSWalletViewController.h */,
				C8C7506F2A063B7900A91AAE /* NYSWalletViewController.m */,
				C8C750702A063B7900A91AAE /* NYSWalletViewController.xib */,
				C8C7507D2A06462A00A91AAE /* NYSMovementDetailVC.h */,
				C8C7507F2A06462A00A91AAE /* NYSMovementDetailVC.m */,
				C8C7507E2A06462A00A91AAE /* NYSMovementDetailVC.xib */,
				C8C750822A064B2600A91AAE /* NYSSecurityProtectionVC.h */,
				C8C750842A064B2600A91AAE /* NYSSecurityProtectionVC.m */,
				C8C750832A064B2600A91AAE /* NYSSecurityProtectionVC.xib */,
				C8C750872A064CF300A91AAE /* NYSWithdrawViewController.h */,
				C8C750882A064CF300A91AAE /* NYSWithdrawViewController.m */,
				C8C750892A064CF300A91AAE /* NYSWithdrawViewController.xib */,
				C8C7508E2A0653A600A91AAE /* NYSFeedbackVC.h */,
				C8C7508C2A0653A600A91AAE /* NYSFeedbackVC.m */,
				C8C7508D2A0653A600A91AAE /* NYSFeedbackVC.xib */,
			);
			path = C;
			sourceTree = "<group>";
		};
		C8C750502A04EC9600A91AAE /* V */ = {
			isa = PBXGroup;
			children = (
				C8C750732A063D9600A91AAE /* NYSWalletHeader.h */,
				C8C750742A063D9600A91AAE /* NYSWalletHeader.m */,
				C8C750762A063D9F00A91AAE /* NYSWalletHeader.xib */,
				C8C7507A2A06422F00A91AAE /* NYSWalletMovemenCell.h */,
				C8C750782A06422F00A91AAE /* NYSWalletMovemenCell.m */,
				C8C750792A06422F00A91AAE /* NYSWalletMovemenCell.xib */,
			);
			path = V;
			sourceTree = "<group>";
		};
		C8C750512A04EC9B00A91AAE /* M */ = {
			isa = PBXGroup;
			children = (
				C8C750522A04ECBB00A91AAE /* NYSMineModel.h */,
				C8C750532A04ECBB00A91AAE /* NYSMineModel.m */,
			);
			path = M;
			sourceTree = "<group>";
		};
		E67E3E5AF7C3D51628F10A1E /* Pods */ = {
			isa = PBXGroup;
			children = (
				C58F95B0D4613D82244763B3 /* Pods-NYSAppObjC.debug.xcconfig */,
				FE7C22C1B089104DEA1663BB /* Pods-NYSAppObjC.release.xcconfig */,
			);
			name = Pods;
			path = ../Pods;
			sourceTree = "<group>";
		};
/* End PBXGroup section */

/* Begin PBXNativeTarget section */
		C8597A1829F51052008BEE7F /* NYSAppObjC */ = {
			isa = PBXNativeTarget;
			buildConfigurationList = C8597A3229F51054008BEE7F /* Build configuration list for PBXNativeTarget "NYSAppObjC" */;
			buildPhases = (
				74B9EC4985B5D668EF572BBE /* [CP] Check Pods Manifest.lock */,
				C8597A1529F51052008BEE7F /* Sources */,
				C8597A1629F51052008BEE7F /* Frameworks */,
				C8597A1729F51052008BEE7F /* Resources */,
				51FA752FB9473966E96F9AB6 /* [CP] Copy Pods Resources */,
				C8C7502B2A04A8F300A91AAE /* Embed Frameworks */,
			);
			buildRules = (
			);
			dependencies = (
			);
			name = NYSAppObjC;
			productName = NYSAppObjC;
			productReference = C8597A1929F51052008BEE7F /* NYSAppObjC.app */;
			productType = "com.apple.product-type.application";
		};
/* End PBXNativeTarget section */

/* Begin PBXProject section */
		C8597A1129F51052008BEE7F /* Project object */ = {
			isa = PBXProject;
			attributes = {
				BuildIndependentTargetsInParallel = 1;
				CLASSPREFIX = NYS;
				LastUpgradeCheck = 1420;
				TargetAttributes = {
					C8597A1829F51052008BEE7F = {
						CreatedOnToolsVersion = 14.2;
						LastSwiftMigration = 1420;
					};
				};
			};
			buildConfigurationList = C8597A1429F51052008BEE7F /* Build configuration list for PBXProject "NYSAppObjC" */;
			compatibilityVersion = "Xcode 14.0";
			developmentRegion = en;
			hasScannedForEncodings = 0;
			knownRegions = (
				en,
				Base,
			);
			mainGroup = C8597A1029F51052008BEE7F;
			productRefGroup = C8597A1A29F51052008BEE7F /* Products */;
			projectDirPath = "";
			projectRoot = "";
			targets = (
				C8597A1829F51052008BEE7F /* NYSAppObjC */,
			);
		};
/* End PBXProject section */

/* Begin PBXResourcesBuildPhase section */
		C8597A1729F51052008BEE7F /* Resources */ = {
			isa = PBXResourcesBuildPhase;
			buildActionMask = 2147483647;
			files = (
				C8C7504E2A04E69100A91AAE /* NYSRecommendVC.xib in Resources */,
				C8C750902A0653A600A91AAE /* NYSFeedbackVC.xib in Resources */,
				C8C750852A064B2600A91AAE /* NYSSecurityProtectionVC.xib in Resources */,
				C8599B8E2A035E8700DEA603 /* themejson_day.json in Resources */,
				C8599B8F2A035E8700DEA603 /* themejson_night.json in Resources */,
				C8C7502D2A04B03100A91AAE /* LaunchImage.png in Resources */,
				C8C7505E2A062D8E00A91AAE /* NYSSettingViewController.xib in Resources */,
				C8597A2C29F51054008BEE7F /* LaunchScreen.storyboard in Resources */,
				C8C750722A063B7900A91AAE /* NYSWalletViewController.xib in Resources */,
				C8C750802A06462A00A91AAE /* NYSMovementDetailVC.xib in Resources */,
				C8597A2929F51054008BEE7F /* Assets.xcassets in Resources */,
				C8599BA22A03828400DEA603 /* NYSRecommendedCell.xib in Resources */,
				C8C7507C2A06422F00A91AAE /* NYSWalletMovemenCell.xib in Resources */,
				C8599BAF2A03A73A00DEA603 /* NYSCourseCell.xib in Resources */,
				C8C7506C2A06375A00A91AAE /* NYSUpdateInfoVC.xib in Resources */,
				C8C750582A04ECE400A91AAE /* NYSMineViewController.xib in Resources */,
				C8C750632A062DF500A91AAE /* NYSAboutViewController.xib in Resources */,
				C8599BA72A038BF200DEA603 /* NYSBusinessView.xib in Resources */,
				C8C750682A06356C00A91AAE /* NYSHelpViewController.xib in Resources */,
				C8C750772A063D9F00A91AAE /* NYSWalletHeader.xib in Resources */,
				C8C7503D2A04D66500A91AAE /* NYSCallCenterVC.xib in Resources */,
				C8C7508B2A064CF300A91AAE /* NYSWithdrawViewController.xib in Resources */,
				C8597A2729F51052008BEE7F /* Main.storyboard in Resources */,
				C8C750382A04D35C00A91AAE /* NYSMessageCenterCell.xib in Resources */,
			);
			runOnlyForDeploymentPostprocessing = 0;
		};
/* End PBXResourcesBuildPhase section */

/* Begin PBXShellScriptBuildPhase section */
		51FA752FB9473966E96F9AB6 /* [CP] Copy Pods Resources */ = {
			isa = PBXShellScriptBuildPhase;
			buildActionMask = 2147483647;
			files = (
			);
			inputFileListPaths = (
				"${PODS_ROOT}/Target Support Files/Pods-NYSAppObjC/Pods-NYSAppObjC-resources-${CONFIGURATION}-input-files.xcfilelist",
			);
			name = "[CP] Copy Pods Resources";
			outputFileListPaths = (
				"${PODS_ROOT}/Target Support Files/Pods-NYSAppObjC/Pods-NYSAppObjC-resources-${CONFIGURATION}-output-files.xcfilelist",
			);
			runOnlyForDeploymentPostprocessing = 0;
			shellPath = /bin/sh;
			shellScript = "\"${PODS_ROOT}/Target Support Files/Pods-NYSAppObjC/Pods-NYSAppObjC-resources.sh\"\n";
			showEnvVarsInLog = 0;
		};
		74B9EC4985B5D668EF572BBE /* [CP] Check Pods Manifest.lock */ = {
			isa = PBXShellScriptBuildPhase;
			buildActionMask = 2147483647;
			files = (
			);
			inputFileListPaths = (
			);
			inputPaths = (
				"${PODS_PODFILE_DIR_PATH}/Podfile.lock",
				"${PODS_ROOT}/Manifest.lock",
			);
			name = "[CP] Check Pods Manifest.lock";
			outputFileListPaths = (
			);
			outputPaths = (
				"$(DERIVED_FILE_DIR)/Pods-NYSAppObjC-checkManifestLockResult.txt",
			);
			runOnlyForDeploymentPostprocessing = 0;
			shellPath = /bin/sh;
			shellScript = "diff \"${PODS_PODFILE_DIR_PATH}/Podfile.lock\" \"${PODS_ROOT}/Manifest.lock\" > /dev/null\nif [ $? != 0 ] ; then\n    # print error to STDERR\n    echo \"error: The sandbox is not in sync with the Podfile.lock. Run 'pod install' or update your CocoaPods installation.\" >&2\n    exit 1\nfi\n# This output is used by Xcode 'outputs' to avoid re-running this script phase.\necho \"SUCCESS\" > \"${SCRIPT_OUTPUT_FILE_0}\"\n";
			showEnvVarsInLog = 0;
		};
/* End PBXShellScriptBuildPhase section */

/* Begin PBXSourcesBuildPhase section */
		C8597A1529F51052008BEE7F /* Sources */ = {
			isa = PBXSourcesBuildPhase;
			buildActionMask = 2147483647;
			files = (
				C8C750862A064B2600A91AAE /* NYSSecurityProtectionVC.m in Sources */,
				C8C7506D2A06375A00A91AAE /* NYSUpdateInfoVC.m in Sources */,
				C8C750492A04DFD400A91AAE /* LayoutFittingView.m in Sources */,
				C8C750542A04ECBB00A91AAE /* NYSMineModel.m in Sources */,
				C8C750372A04D35C00A91AAE /* NYSMessageCenterCell.m in Sources */,
				C8C750592A04ECE400A91AAE /* NYSMineViewController.m in Sources */,
				C8599BA52A038BAE00DEA603 /* NYSBusinessView.m in Sources */,
				C8597A1E29F51052008BEE7F /* AppDelegate.m in Sources */,
				C8599BAA2A03A3EC00DEA603 /* NYSSearchCourseVC.m in Sources */,
				C8C750432A04DED500A91AAE /* NYSCourseModel.m in Sources */,
				C8B7481629FBAD0D00673B75 /* NYSTabbarViewController.m in Sources */,
				C8B7482D29FBB2AD00673B75 /* AppDelegate+PushService.m in Sources */,
				C8599BA12A03828400DEA603 /* NYSRecommendedCell.m in Sources */,
				C8C750462A04DF2C00A91AAE /* NYSCourseListVC.m in Sources */,
				C8B7482C29FBB2AD00673B75 /* AppDelegate+AppService.m in Sources */,
				C8B7485129FBCDD500673B75 /* NYSHomeModel.m in Sources */,
				C8C7508A2A064CF300A91AAE /* NYSWithdrawViewController.m in Sources */,
				C8C7508F2A0653A600A91AAE /* NYSFeedbackVC.m in Sources */,
				C8B7484E29FBCD6B00673B75 /* NYSHomeViewController.m in Sources */,
				C8C750622A062DF500A91AAE /* NYSAboutViewController.m in Sources */,
				C8599BAE2A03A73A00DEA603 /* NYSCourseCell.m in Sources */,
				C8C750332A04D2C800A91AAE /* NYSMessageCenterVC.m in Sources */,
				C8C7503C2A04D66500A91AAE /* NYSCallCenterVC.m in Sources */,
				C8C7505D2A062D8E00A91AAE /* NYSSettingViewController.m in Sources */,
				C8C7504D2A04E69100A91AAE /* NYSRecommendVC.m in Sources */,
				C8C750672A06356C00A91AAE /* NYSHelpViewController.m in Sources */,
				C8C750712A063B7900A91AAE /* NYSWalletViewController.m in Sources */,
				C8C750752A063D9600A91AAE /* NYSWalletHeader.m in Sources */,
				C8597A2F29F51054008BEE7F /* main.m in Sources */,
				C8C750812A06462A00A91AAE /* NYSMovementDetailVC.m in Sources */,
				C8C7507B2A06422F00A91AAE /* NYSWalletMovemenCell.m in Sources */,
				C8599B952A037DF100DEA603 /* NYSBannerCell.m in Sources */,
				C8C750302A04C95F00A91AAE /* NYSHomeCourseVC.m in Sources */,
			);
			runOnlyForDeploymentPostprocessing = 0;
		};
/* End PBXSourcesBuildPhase section */

/* Begin PBXVariantGroup section */
		C8597A2529F51052008BEE7F /* Main.storyboard */ = {
			isa = PBXVariantGroup;
			children = (
				C8597A2629F51052008BEE7F /* Base */,
			);
			name = Main.storyboard;
			sourceTree = "<group>";
		};
		C8597A2A29F51054008BEE7F /* LaunchScreen.storyboard */ = {
			isa = PBXVariantGroup;
			children = (
				C8597A2B29F51054008BEE7F /* Base */,
			);
			name = LaunchScreen.storyboard;
			sourceTree = "<group>";
		};
/* End PBXVariantGroup section */

/* Begin XCBuildConfiguration section */
		C8597A3029F51054008BEE7F /* Debug */ = {
			isa = XCBuildConfiguration;
			buildSettings = {
				ALWAYS_SEARCH_USER_PATHS = NO;
				CLANG_ANALYZER_NONNULL = YES;
				CLANG_ANALYZER_NUMBER_OBJECT_CONVERSION = YES_AGGRESSIVE;
				CLANG_CXX_LANGUAGE_STANDARD = "gnu++20";
				CLANG_ENABLE_MODULES = YES;
				CLANG_ENABLE_OBJC_ARC = YES;
				CLANG_ENABLE_OBJC_WEAK = YES;
				CLANG_WARN_BLOCK_CAPTURE_AUTORELEASING = YES;
				CLANG_WARN_BOOL_CONVERSION = YES;
				CLANG_WARN_COMMA = YES;
				CLANG_WARN_CONSTANT_CONVERSION = YES;
				CLANG_WARN_DEPRECATED_OBJC_IMPLEMENTATIONS = YES;
				CLANG_WARN_DIRECT_OBJC_ISA_USAGE = YES_ERROR;
				CLANG_WARN_DOCUMENTATION_COMMENTS = YES;
				CLANG_WARN_EMPTY_BODY = YES;
				CLANG_WARN_ENUM_CONVERSION = YES;
				CLANG_WARN_INFINITE_RECURSION = YES;
				CLANG_WARN_INT_CONVERSION = YES;
				CLANG_WARN_NON_LITERAL_NULL_CONVERSION = YES;
				CLANG_WARN_OBJC_IMPLICIT_RETAIN_SELF = YES;
				CLANG_WARN_OBJC_LITERAL_CONVERSION = YES;
				CLANG_WARN_OBJC_ROOT_CLASS = YES_ERROR;
				CLANG_WARN_QUOTED_INCLUDE_IN_FRAMEWORK_HEADER = YES;
				CLANG_WARN_RANGE_LOOP_ANALYSIS = YES;
				CLANG_WARN_STRICT_PROTOTYPES = YES;
				CLANG_WARN_SUSPICIOUS_MOVE = YES;
				CLANG_WARN_UNGUARDED_AVAILABILITY = YES_AGGRESSIVE;
				CLANG_WARN_UNREACHABLE_CODE = YES;
				CLANG_WARN__DUPLICATE_METHOD_MATCH = YES;
				COPY_PHASE_STRIP = NO;
				DEBUG_INFORMATION_FORMAT = dwarf;
				ENABLE_STRICT_OBJC_MSGSEND = YES;
				ENABLE_TESTABILITY = YES;
				GCC_C_LANGUAGE_STANDARD = gnu11;
				GCC_DYNAMIC_NO_PIC = NO;
				GCC_NO_COMMON_BLOCKS = YES;
				GCC_OPTIMIZATION_LEVEL = 0;
				GCC_PREPROCESSOR_DEFINITIONS = (
					"DEBUG=1",
					"$(inherited)",
				);
				GCC_WARN_64_TO_32_BIT_CONVERSION = YES;
				GCC_WARN_ABOUT_RETURN_TYPE = YES_ERROR;
				GCC_WARN_UNDECLARED_SELECTOR = YES;
				GCC_WARN_UNINITIALIZED_AUTOS = YES_AGGRESSIVE;
				GCC_WARN_UNUSED_FUNCTION = YES;
				GCC_WARN_UNUSED_VARIABLE = YES;
				IPHONEOS_DEPLOYMENT_TARGET = 16.2;
				MTL_ENABLE_DEBUG_INFO = INCLUDE_SOURCE;
				MTL_FAST_MATH = YES;
				ONLY_ACTIVE_ARCH = YES;
				SDKROOT = iphoneos;
			};
			name = Debug;
		};
		C8597A3129F51054008BEE7F /* Release */ = {
			isa = XCBuildConfiguration;
			buildSettings = {
				ALWAYS_SEARCH_USER_PATHS = NO;
				CLANG_ANALYZER_NONNULL = YES;
				CLANG_ANALYZER_NUMBER_OBJECT_CONVERSION = YES_AGGRESSIVE;
				CLANG_CXX_LANGUAGE_STANDARD = "gnu++20";
				CLANG_ENABLE_MODULES = YES;
				CLANG_ENABLE_OBJC_ARC = YES;
				CLANG_ENABLE_OBJC_WEAK = YES;
				CLANG_WARN_BLOCK_CAPTURE_AUTORELEASING = YES;
				CLANG_WARN_BOOL_CONVERSION = YES;
				CLANG_WARN_COMMA = YES;
				CLANG_WARN_CONSTANT_CONVERSION = YES;
				CLANG_WARN_DEPRECATED_OBJC_IMPLEMENTATIONS = YES;
				CLANG_WARN_DIRECT_OBJC_ISA_USAGE = YES_ERROR;
				CLANG_WARN_DOCUMENTATION_COMMENTS = YES;
				CLANG_WARN_EMPTY_BODY = YES;
				CLANG_WARN_ENUM_CONVERSION = YES;
				CLANG_WARN_INFINITE_RECURSION = YES;
				CLANG_WARN_INT_CONVERSION = YES;
				CLANG_WARN_NON_LITERAL_NULL_CONVERSION = YES;
				CLANG_WARN_OBJC_IMPLICIT_RETAIN_SELF = YES;
				CLANG_WARN_OBJC_LITERAL_CONVERSION = YES;
				CLANG_WARN_OBJC_ROOT_CLASS = YES_ERROR;
				CLANG_WARN_QUOTED_INCLUDE_IN_FRAMEWORK_HEADER = YES;
				CLANG_WARN_RANGE_LOOP_ANALYSIS = YES;
				CLANG_WARN_STRICT_PROTOTYPES = YES;
				CLANG_WARN_SUSPICIOUS_MOVE = YES;
				CLANG_WARN_UNGUARDED_AVAILABILITY = YES_AGGRESSIVE;
				CLANG_WARN_UNREACHABLE_CODE = YES;
				CLANG_WARN__DUPLICATE_METHOD_MATCH = YES;
				COPY_PHASE_STRIP = NO;
				DEBUG_INFORMATION_FORMAT = "dwarf-with-dsym";
				ENABLE_NS_ASSERTIONS = NO;
				ENABLE_STRICT_OBJC_MSGSEND = YES;
				GCC_C_LANGUAGE_STANDARD = gnu11;
				GCC_NO_COMMON_BLOCKS = YES;
				GCC_WARN_64_TO_32_BIT_CONVERSION = YES;
				GCC_WARN_ABOUT_RETURN_TYPE = YES_ERROR;
				GCC_WARN_UNDECLARED_SELECTOR = YES;
				GCC_WARN_UNINITIALIZED_AUTOS = YES_AGGRESSIVE;
				GCC_WARN_UNUSED_FUNCTION = YES;
				GCC_WARN_UNUSED_VARIABLE = YES;
				IPHONEOS_DEPLOYMENT_TARGET = 16.2;
				MTL_ENABLE_DEBUG_INFO = NO;
				MTL_FAST_MATH = YES;
				SDKROOT = iphoneos;
				VALIDATE_PRODUCT = YES;
			};
			name = Release;
		};
		C8597A3329F51054008BEE7F /* Debug */ = {
			isa = XCBuildConfiguration;
			baseConfigurationReference = C58F95B0D4613D82244763B3 /* Pods-NYSAppObjC.debug.xcconfig */;
			buildSettings = {
				ASSETCATALOG_COMPILER_APPICON_NAME = AppIcon;
				ASSETCATALOG_COMPILER_GLOBAL_ACCENT_COLOR_NAME = AccentColor;
				CLANG_ENABLE_MODULES = YES;
				CODE_SIGN_ENTITLEMENTS = NYSAppObjC/NYSAppObjC.entitlements;
				CODE_SIGN_STYLE = Automatic;
				CURRENT_PROJECT_VERSION = 1;
				DEVELOPMENT_TEAM = F9J739W8Y4;
				"EXCLUDED_ARCHS[sdk=iphonesimulator*]" = arm64;
				GCC_PRECOMPILE_PREFIX_HEADER = NO;
				GCC_PREFIX_HEADER = "$(SRCROOT)/NYSAppObjC/Supporting Files/PrefixHeader.pch";
				GENERATE_INFOPLIST_FILE = YES;
				INFOPLIST_FILE = NYSAppObjC/Info.plist;
				INFOPLIST_KEY_UIApplicationSupportsIndirectInputEvents = YES;
				INFOPLIST_KEY_UILaunchStoryboardName = "";
				INFOPLIST_KEY_UIMainStoryboardFile = Main;
				INFOPLIST_KEY_UISupportedInterfaceOrientations = UIInterfaceOrientationPortrait;
				INFOPLIST_KEY_UISupportedInterfaceOrientations_iPad = "UIInterfaceOrientationLandscapeLeft UIInterfaceOrientationLandscapeRight UIInterfaceOrientationPortrait UIInterfaceOrientationPortraitUpsideDown";
				IPHONEOS_DEPLOYMENT_TARGET = 13.0;
				LD_RUNPATH_SEARCH_PATHS = (
					"$(inherited)",
					"@executable_path/Frameworks",
				);
				MARKETING_VERSION = 1.0;
				PRODUCT_BUNDLE_IDENTIFIER = com.ws.NYSAppObjC;
				PRODUCT_NAME = "$(TARGET_NAME)";
				SUPPORTED_PLATFORMS = "iphoneos iphonesimulator";
				SUPPORTS_MACCATALYST = NO;
				SUPPORTS_MAC_DESIGNED_FOR_IPHONE_IPAD = YES;
				SWIFT_EMIT_LOC_STRINGS = YES;
				SWIFT_OBJC_BRIDGING_HEADER = "NYSAppObjC/Supporting Files/Bridging-Header.h";
				SWIFT_OPTIMIZATION_LEVEL = "-Onone";
				SWIFT_VERSION = 5.0;
				TARGETED_DEVICE_FAMILY = 1;
			};
			name = Debug;
		};
		C8597A3429F51054008BEE7F /* Release */ = {
			isa = XCBuildConfiguration;
			baseConfigurationReference = FE7C22C1B089104DEA1663BB /* Pods-NYSAppObjC.release.xcconfig */;
			buildSettings = {
				ASSETCATALOG_COMPILER_APPICON_NAME = AppIcon;
				ASSETCATALOG_COMPILER_GLOBAL_ACCENT_COLOR_NAME = AccentColor;
				CLANG_ENABLE_MODULES = YES;
				CODE_SIGN_ENTITLEMENTS = NYSAppObjC/NYSAppObjC.entitlements;
				CODE_SIGN_STYLE = Automatic;
				CURRENT_PROJECT_VERSION = 1;
				DEVELOPMENT_TEAM = F9J739W8Y4;
				GCC_PRECOMPILE_PREFIX_HEADER = NO;
				GCC_PREFIX_HEADER = "$(SRCROOT)/NYSAppObjC/Supporting Files/PrefixHeader.pch";
				GENERATE_INFOPLIST_FILE = YES;
				INFOPLIST_FILE = NYSAppObjC/Info.plist;
				INFOPLIST_KEY_UIApplicationSupportsIndirectInputEvents = YES;
				INFOPLIST_KEY_UILaunchStoryboardName = "";
				INFOPLIST_KEY_UIMainStoryboardFile = Main;
				INFOPLIST_KEY_UISupportedInterfaceOrientations = UIInterfaceOrientationPortrait;
				INFOPLIST_KEY_UISupportedInterfaceOrientations_iPad = "UIInterfaceOrientationLandscapeLeft UIInterfaceOrientationLandscapeRight UIInterfaceOrientationPortrait UIInterfaceOrientationPortraitUpsideDown";
				IPHONEOS_DEPLOYMENT_TARGET = 13.0;
				LD_RUNPATH_SEARCH_PATHS = (
					"$(inherited)",
					"@executable_path/Frameworks",
				);
				MARKETING_VERSION = 1.0;
				PRODUCT_BUNDLE_IDENTIFIER = com.ws.NYSAppObjC;
				PRODUCT_NAME = "$(TARGET_NAME)";
				SUPPORTED_PLATFORMS = "iphoneos iphonesimulator";
				SUPPORTS_MACCATALYST = NO;
				SUPPORTS_MAC_DESIGNED_FOR_IPHONE_IPAD = YES;
				SWIFT_EMIT_LOC_STRINGS = YES;
				SWIFT_OBJC_BRIDGING_HEADER = "NYSAppObjC/Supporting Files/Bridging-Header.h";
				SWIFT_VERSION = 5.0;
				TARGETED_DEVICE_FAMILY = 1;
			};
			name = Release;
		};
/* End XCBuildConfiguration section */

/* Begin XCConfigurationList section */
		C8597A1429F51052008BEE7F /* Build configuration list for PBXProject "NYSAppObjC" */ = {
			isa = XCConfigurationList;
			buildConfigurations = (
				C8597A3029F51054008BEE7F /* Debug */,
				C8597A3129F51054008BEE7F /* Release */,
			);
			defaultConfigurationIsVisible = 0;
			defaultConfigurationName = Release;
		};
		C8597A3229F51054008BEE7F /* Build configuration list for PBXNativeTarget "NYSAppObjC" */ = {
			isa = XCConfigurationList;
			buildConfigurations = (
				C8597A3329F51054008BEE7F /* Debug */,
				C8597A3429F51054008BEE7F /* Release */,
			);
			defaultConfigurationIsVisible = 0;
			defaultConfigurationName = Release;
		};
/* End XCConfigurationList section */
	};
	rootObject = C8597A1129F51052008BEE7F /* Project object */;
}
